// !$*UTF8*$!
{
	archiveVersion = 1;
	classes = {
	};
	objectVersion = 51;
	objects = {

/* Begin PBXBuildFile section */
		C00E135223D264AE00A12E17 /* Map+JSON.swift in Sources */ = {isa = PBXBuildFile; fileRef = C00E135123D264AE00A12E17 /* Map+JSON.swift */; };
		C00E135323D264AE00A12E17 /* Map+JSON.swift in Sources */ = {isa = PBXBuildFile; fileRef = C00E135123D264AE00A12E17 /* Map+JSON.swift */; };
		C00E135523D26F7F00A12E17 /* TeacherProgressionOverview.swift in Sources */ = {isa = PBXBuildFile; fileRef = C00E135423D26F7F00A12E17 /* TeacherProgressionOverview.swift */; };
		C00E135623D26F7F00A12E17 /* TeacherProgressionOverview.swift in Sources */ = {isa = PBXBuildFile; fileRef = C00E135423D26F7F00A12E17 /* TeacherProgressionOverview.swift */; };
		C010E31123905F2F00D07047 /* Callback.swift in Sources */ = {isa = PBXBuildFile; fileRef = C010E31023905F2F00D07047 /* Callback.swift */; };
		C010E31223905F2F00D07047 /* Callback.swift in Sources */ = {isa = PBXBuildFile; fileRef = C010E31023905F2F00D07047 /* Callback.swift */; };
		C010E3142390613500D07047 /* FirestoreRepresentable.swift in Sources */ = {isa = PBXBuildFile; fileRef = C010E3132390613500D07047 /* FirestoreRepresentable.swift */; };
		C010E3152390613500D07047 /* FirestoreRepresentable.swift in Sources */ = {isa = PBXBuildFile; fileRef = C010E3132390613500D07047 /* FirestoreRepresentable.swift */; };
		C012BABB23DCFC3200DF8E97 /* TeamSetupView.swift in Sources */ = {isa = PBXBuildFile; fileRef = C012BABA23DCFC3200DF8E97 /* TeamSetupView.swift */; };
		C012BABC23DCFC3200DF8E97 /* TeamSetupView.swift in Sources */ = {isa = PBXBuildFile; fileRef = C012BABA23DCFC3200DF8E97 /* TeamSetupView.swift */; };
		C012BABF23DD145200DF8E97 /* TeacherCourseLiveController.swift in Sources */ = {isa = PBXBuildFile; fileRef = C012BABE23DD145200DF8E97 /* TeacherCourseLiveController.swift */; };
		C012BAC023DD145200DF8E97 /* TeacherCourseLiveController.swift in Sources */ = {isa = PBXBuildFile; fileRef = C012BABE23DD145200DF8E97 /* TeacherCourseLiveController.swift */; };
		C0306F1923CD071E00A61C16 /* TeacherCourseSessionIcebergsController.swift in Sources */ = {isa = PBXBuildFile; fileRef = C0306F1823CD071E00A61C16 /* TeacherCourseSessionIcebergsController.swift */; };
		C0306F1A23CD071E00A61C16 /* TeacherCourseSessionIcebergsController.swift in Sources */ = {isa = PBXBuildFile; fileRef = C0306F1823CD071E00A61C16 /* TeacherCourseSessionIcebergsController.swift */; };
		C0306F1C23CD0A6800A61C16 /* TeacherCourseSessionProgressController.swift in Sources */ = {isa = PBXBuildFile; fileRef = C0306F1B23CD0A6800A61C16 /* TeacherCourseSessionProgressController.swift */; };
		C0306F1D23CD0A6800A61C16 /* TeacherCourseSessionProgressController.swift in Sources */ = {isa = PBXBuildFile; fileRef = C0306F1B23CD0A6800A61C16 /* TeacherCourseSessionProgressController.swift */; };
		C0306F1F23CE2A3E00A61C16 /* ProgressionTrackView.swift in Sources */ = {isa = PBXBuildFile; fileRef = C0306F1E23CE2A3E00A61C16 /* ProgressionTrackView.swift */; };
		C0306F2023CE2A3E00A61C16 /* ProgressionTrackView.swift in Sources */ = {isa = PBXBuildFile; fileRef = C0306F1E23CE2A3E00A61C16 /* ProgressionTrackView.swift */; };
		C037BCFE23B4E70700231119 /* Reagent.swift in Sources */ = {isa = PBXBuildFile; fileRef = C037BCFD23B4E70700231119 /* Reagent.swift */; };
		C037BCFF23B4E70700231119 /* Reagent.swift in Sources */ = {isa = PBXBuildFile; fileRef = C037BCFD23B4E70700231119 /* Reagent.swift */; };
		C03C8AD8238C35D900715032 /* AppDelegate.swift in Sources */ = {isa = PBXBuildFile; fileRef = C03C8AD7238C35D900715032 /* AppDelegate.swift */; };
		C03C8ADA238C35D900715032 /* SceneDelegate.swift in Sources */ = {isa = PBXBuildFile; fileRef = C03C8AD9238C35D900715032 /* SceneDelegate.swift */; };
		C03C8AE1238C35DB00715032 /* Assets.xcassets in Resources */ = {isa = PBXBuildFile; fileRef = C03C8AE0238C35DB00715032 /* Assets.xcassets */; };
		C03C8AE4238C35DB00715032 /* LaunchScreen.storyboard in Resources */ = {isa = PBXBuildFile; fileRef = C03C8AE2238C35DB00715032 /* LaunchScreen.storyboard */; };
		C03C8AEF238C35DC00715032 /* bbnQUALTests.swift in Sources */ = {isa = PBXBuildFile; fileRef = C03C8AEE238C35DC00715032 /* bbnQUALTests.swift */; };
		C03CC82923B3C47A00D8482C /* TestTube-Light.svg in Resources */ = {isa = PBXBuildFile; fileRef = C03CC82823B3C47A00D8482C /* TestTube-Light.svg */; };
		C03CC82A23B3C47A00D8482C /* TestTube-Light.svg in Resources */ = {isa = PBXBuildFile; fileRef = C03CC82823B3C47A00D8482C /* TestTube-Light.svg */; };
		C03CC82C23B3FD5200D8482C /* TestTube-Dark.svg in Resources */ = {isa = PBXBuildFile; fileRef = C03CC82B23B3FD5200D8482C /* TestTube-Dark.svg */; };
		C03CC82D23B3FD5200D8482C /* TestTube-Dark.svg in Resources */ = {isa = PBXBuildFile; fileRef = C03CC82B23B3FD5200D8482C /* TestTube-Dark.svg */; };
		C049D86E23AFF05B00DFE9DA /* ReagentSelectionView.swift in Sources */ = {isa = PBXBuildFile; fileRef = C049D86D23AFF05B00DFE9DA /* ReagentSelectionView.swift */; };
		C049D86F23AFF05B00DFE9DA /* ReagentSelectionView.swift in Sources */ = {isa = PBXBuildFile; fileRef = C049D86D23AFF05B00DFE9DA /* ReagentSelectionView.swift */; };
		C04F64A023BF2E8500225746 /* TeacherCourse.storyboard in Resources */ = {isa = PBXBuildFile; fileRef = C04F649F23BF2E8500225746 /* TeacherCourse.storyboard */; };
		C04F64A123BF2E8500225746 /* TeacherCourse.storyboard in Resources */ = {isa = PBXBuildFile; fileRef = C04F649F23BF2E8500225746 /* TeacherCourse.storyboard */; };
		C04F64A423BF673000225746 /* TeacherCourseSessionController.swift in Sources */ = {isa = PBXBuildFile; fileRef = C04F64A323BF673000225746 /* TeacherCourseSessionController.swift */; };
		C04F64A523BF673000225746 /* TeacherCourseSessionController.swift in Sources */ = {isa = PBXBuildFile; fileRef = C04F64A323BF673000225746 /* TeacherCourseSessionController.swift */; };
		C04F64A723BF6BC500225746 /* TeacherCourseTeamsController.swift in Sources */ = {isa = PBXBuildFile; fileRef = C04F64A623BF6BC500225746 /* TeacherCourseTeamsController.swift */; };
		C04F64A823BF6BC500225746 /* TeacherCourseTeamsController.swift in Sources */ = {isa = PBXBuildFile; fileRef = C04F64A623BF6BC500225746 /* TeacherCourseTeamsController.swift */; };
		C04F64AA23BF741B00225746 /* ActionGetClassSession.swift in Sources */ = {isa = PBXBuildFile; fileRef = C04F64A923BF741B00225746 /* ActionGetClassSession.swift */; };
		C04F64AB23BF741B00225746 /* ActionGetClassSession.swift in Sources */ = {isa = PBXBuildFile; fileRef = C04F64A923BF741B00225746 /* ActionGetClassSession.swift */; };
		C0502E2B23BDF06E00478BDD /* ProfileController.swift in Sources */ = {isa = PBXBuildFile; fileRef = C0502E2A23BDF06E00478BDD /* ProfileController.swift */; };
		C0502E2C23BDF06E00478BDD /* ProfileController.swift in Sources */ = {isa = PBXBuildFile; fileRef = C0502E2A23BDF06E00478BDD /* ProfileController.swift */; };
		C0502E2E23BE036900478BDD /* LogoutButton.swift in Sources */ = {isa = PBXBuildFile; fileRef = C0502E2D23BE036900478BDD /* LogoutButton.swift */; };
		C0502E2F23BE036900478BDD /* LogoutButton.swift in Sources */ = {isa = PBXBuildFile; fileRef = C0502E2D23BE036900478BDD /* LogoutButton.swift */; };
		C0502E3123BE054D00478BDD /* LoginButton.swift in Sources */ = {isa = PBXBuildFile; fileRef = C0502E3023BE054D00478BDD /* LoginButton.swift */; };
		C0502E3223BE054D00478BDD /* LoginButton.swift in Sources */ = {isa = PBXBuildFile; fileRef = C0502E3023BE054D00478BDD /* LoginButton.swift */; };
		C0502E3523BE6A4E00478BDD /* CourseSetup.storyboard in Resources */ = {isa = PBXBuildFile; fileRef = C0502E3423BE6A4E00478BDD /* CourseSetup.storyboard */; };
		C0502E3623BE6A4E00478BDD /* CourseSetup.storyboard in Resources */ = {isa = PBXBuildFile; fileRef = C0502E3423BE6A4E00478BDD /* CourseSetup.storyboard */; };
		C0502E3823BE6AAB00478BDD /* TeacherCourseController.swift in Sources */ = {isa = PBXBuildFile; fileRef = C0502E3723BE6AAB00478BDD /* TeacherCourseController.swift */; };
		C0502E3923BE6AAB00478BDD /* TeacherCourseController.swift in Sources */ = {isa = PBXBuildFile; fileRef = C0502E3723BE6AAB00478BDD /* TeacherCourseController.swift */; };
		C054422823DBB43F00DCABE8 /* TeacherCourseSettings.storyboard in Resources */ = {isa = PBXBuildFile; fileRef = C054422723DBB43F00DCABE8 /* TeacherCourseSettings.storyboard */; };
		C054422923DBB43F00DCABE8 /* TeacherCourseSettings.storyboard in Resources */ = {isa = PBXBuildFile; fileRef = C054422723DBB43F00DCABE8 /* TeacherCourseSettings.storyboard */; };
		C054422B23DBB57700DCABE8 /* TeacherCourseSettingsStoryboardController.swift in Sources */ = {isa = PBXBuildFile; fileRef = C054422A23DBB57700DCABE8 /* TeacherCourseSettingsStoryboardController.swift */; };
		C054422C23DBB57700DCABE8 /* TeacherCourseSettingsStoryboardController.swift in Sources */ = {isa = PBXBuildFile; fileRef = C054422A23DBB57700DCABE8 /* TeacherCourseSettingsStoryboardController.swift */; };
		C054422E23DBB5A400DCABE8 /* TeacherCourseSettingsController.swift in Sources */ = {isa = PBXBuildFile; fileRef = C054422D23DBB5A400DCABE8 /* TeacherCourseSettingsController.swift */; };
		C054422F23DBB5A400DCABE8 /* TeacherCourseSettingsController.swift in Sources */ = {isa = PBXBuildFile; fileRef = C054422D23DBB5A400DCABE8 /* TeacherCourseSettingsController.swift */; };
		C054423223DBDD0C00DCABE8 /* TeacherCourseAccessController.swift in Sources */ = {isa = PBXBuildFile; fileRef = C054423123DBDD0C00DCABE8 /* TeacherCourseAccessController.swift */; };
		C054423323DBDD0C00DCABE8 /* TeacherCourseAccessController.swift in Sources */ = {isa = PBXBuildFile; fileRef = C054423123DBDD0C00DCABE8 /* TeacherCourseAccessController.swift */; };
		C054423523DC022200DCABE8 /* TeacherView.swift in Sources */ = {isa = PBXBuildFile; fileRef = C054423423DC022200DCABE8 /* TeacherView.swift */; };
		C054423623DC022200DCABE8 /* TeacherView.swift in Sources */ = {isa = PBXBuildFile; fileRef = C054423423DC022200DCABE8 /* TeacherView.swift */; };
		C05EE36223BC358800788A1F /* ActionRefreshGoogleToken.swift in Sources */ = {isa = PBXBuildFile; fileRef = C05EE36123BC358800788A1F /* ActionRefreshGoogleToken.swift */; };
		C05EE36323BC358C00788A1F /* ActionRefreshGoogleToken.swift in Sources */ = {isa = PBXBuildFile; fileRef = C05EE36123BC358800788A1F /* ActionRefreshGoogleToken.swift */; };
		C05EE36623BCAF2B00788A1F /* StudentSessionController.swift in Sources */ = {isa = PBXBuildFile; fileRef = C05EE36523BCAF2B00788A1F /* StudentSessionController.swift */; };
		C05EE36723BCAF2B00788A1F /* StudentSessionController.swift in Sources */ = {isa = PBXBuildFile; fileRef = C05EE36523BCAF2B00788A1F /* StudentSessionController.swift */; };
		C05EE36A23BCB02900788A1F /* ActionGetStudentSession.swift in Sources */ = {isa = PBXBuildFile; fileRef = C05EE36923BCB02900788A1F /* ActionGetStudentSession.swift */; };
		C05EE36B23BCB02900788A1F /* ActionGetStudentSession.swift in Sources */ = {isa = PBXBuildFile; fileRef = C05EE36923BCB02900788A1F /* ActionGetStudentSession.swift */; };
		C05EE36D23BCB28200788A1F /* ActionWatchSessionExpiration.swift in Sources */ = {isa = PBXBuildFile; fileRef = C05EE36C23BCB28200788A1F /* ActionWatchSessionExpiration.swift */; };
		C05EE36E23BCB28200788A1F /* ActionWatchSessionExpiration.swift in Sources */ = {isa = PBXBuildFile; fileRef = C05EE36C23BCB28200788A1F /* ActionWatchSessionExpiration.swift */; };
		C05EE37123BCF6F600788A1F /* Course.swift in Sources */ = {isa = PBXBuildFile; fileRef = C05EE37023BCF6F600788A1F /* Course.swift */; };
		C05EE37223BCF6F600788A1F /* Course.swift in Sources */ = {isa = PBXBuildFile; fileRef = C05EE37023BCF6F600788A1F /* Course.swift */; };
		C05EE37423BCF73400788A1F /* Team.swift in Sources */ = {isa = PBXBuildFile; fileRef = C05EE37323BCF73400788A1F /* Team.swift */; };
		C05EE37523BCF73400788A1F /* Team.swift in Sources */ = {isa = PBXBuildFile; fileRef = C05EE37323BCF73400788A1F /* Team.swift */; };
		C0604BEF238EF47400686D89 /* PTSans-Bold.ttf in Resources */ = {isa = PBXBuildFile; fileRef = C0604BEB238EF47300686D89 /* PTSans-Bold.ttf */; };
		C0604BF0238EF47400686D89 /* PTSans-Bold.ttf in Resources */ = {isa = PBXBuildFile; fileRef = C0604BEB238EF47300686D89 /* PTSans-Bold.ttf */; };
		C0604BF1238EF47400686D89 /* PTSans-Regular.ttf in Resources */ = {isa = PBXBuildFile; fileRef = C0604BEC238EF47300686D89 /* PTSans-Regular.ttf */; };
		C0604BF2238EF47400686D89 /* PTSans-Regular.ttf in Resources */ = {isa = PBXBuildFile; fileRef = C0604BEC238EF47300686D89 /* PTSans-Regular.ttf */; };
		C0604BF3238EF47400686D89 /* PTSans-BoldItalic.ttf in Resources */ = {isa = PBXBuildFile; fileRef = C0604BED238EF47400686D89 /* PTSans-BoldItalic.ttf */; };
		C0604BF4238EF47400686D89 /* PTSans-BoldItalic.ttf in Resources */ = {isa = PBXBuildFile; fileRef = C0604BED238EF47400686D89 /* PTSans-BoldItalic.ttf */; };
		C0604BF5238EF47400686D89 /* PTSans-Italic.ttf in Resources */ = {isa = PBXBuildFile; fileRef = C0604BEE238EF47400686D89 /* PTSans-Italic.ttf */; };
		C0604BF6238EF47400686D89 /* PTSans-Italic.ttf in Resources */ = {isa = PBXBuildFile; fileRef = C0604BEE238EF47400686D89 /* PTSans-Italic.ttf */; };
		C0604C00238F0C7D00686D89 /* TestTubeView.swift in Sources */ = {isa = PBXBuildFile; fileRef = C0604BFF238F0C7D00686D89 /* TestTubeView.swift */; };
		C0604C01238F0C7D00686D89 /* TestTubeView.swift in Sources */ = {isa = PBXBuildFile; fileRef = C0604BFF238F0C7D00686D89 /* TestTubeView.swift */; };
		C0681BDA23C4E35800544928 /* ActionButton.swift in Sources */ = {isa = PBXBuildFile; fileRef = C0681BD923C4E35800544928 /* ActionButton.swift */; };
		C06EF3D923BC000100BDE6E0 /* Root.storyboard in Resources */ = {isa = PBXBuildFile; fileRef = C06EF3D823BC000100BDE6E0 /* Root.storyboard */; };
		C06EF3DA23BC000100BDE6E0 /* Root.storyboard in Resources */ = {isa = PBXBuildFile; fileRef = C06EF3D823BC000100BDE6E0 /* Root.storyboard */; };
		C06EF3DC23BC007700BDE6E0 /* RootController.swift in Sources */ = {isa = PBXBuildFile; fileRef = C06EF3DB23BC007700BDE6E0 /* RootController.swift */; };
		C06EF3DD23BC007700BDE6E0 /* RootController.swift in Sources */ = {isa = PBXBuildFile; fileRef = C06EF3DB23BC007700BDE6E0 /* RootController.swift */; };
		C06EF3E023BC04B400BDE6E0 /* AuthController.swift in Sources */ = {isa = PBXBuildFile; fileRef = C06EF3DF23BC04B400BDE6E0 /* AuthController.swift */; };
		C06EF3E123BC04B500BDE6E0 /* AuthController.swift in Sources */ = {isa = PBXBuildFile; fileRef = C06EF3DF23BC04B400BDE6E0 /* AuthController.swift */; };
		C06EF3E323BC057900BDE6E0 /* ActionOpenGoogleAuthDialogue.swift in Sources */ = {isa = PBXBuildFile; fileRef = C06EF3E223BC057900BDE6E0 /* ActionOpenGoogleAuthDialogue.swift */; };
		C06EF3E423BC057900BDE6E0 /* ActionOpenGoogleAuthDialogue.swift in Sources */ = {isa = PBXBuildFile; fileRef = C06EF3E223BC057900BDE6E0 /* ActionOpenGoogleAuthDialogue.swift */; };
		C06EF3E623BC29D800BDE6E0 /* ErrorRetryController.swift in Sources */ = {isa = PBXBuildFile; fileRef = C06EF3E523BC29D800BDE6E0 /* ErrorRetryController.swift */; };
		C06EF3E723BC29D800BDE6E0 /* ErrorRetryController.swift in Sources */ = {isa = PBXBuildFile; fileRef = C06EF3E523BC29D800BDE6E0 /* ErrorRetryController.swift */; };
		C06EF3EB23BC2CF900BDE6E0 /* ActionGetUserAccess.swift in Sources */ = {isa = PBXBuildFile; fileRef = C06EF3EA23BC2CF900BDE6E0 /* ActionGetUserAccess.swift */; };
		C06EF3EC23BC2CF900BDE6E0 /* ActionGetUserAccess.swift in Sources */ = {isa = PBXBuildFile; fileRef = C06EF3EA23BC2CF900BDE6E0 /* ActionGetUserAccess.swift */; };
		C06EF3EF23BC2D5900BDE6E0 /* ControllerAction.swift in Sources */ = {isa = PBXBuildFile; fileRef = C06EF3EE23BC2D5900BDE6E0 /* ControllerAction.swift */; };
		C06EF3F023BC2D5900BDE6E0 /* ControllerAction.swift in Sources */ = {isa = PBXBuildFile; fileRef = C06EF3EE23BC2D5900BDE6E0 /* ControllerAction.swift */; };
		C076C18523B78F5C0060074D /* StudentGameIncorrectViewController.swift in Sources */ = {isa = PBXBuildFile; fileRef = C076C18423B78F5C0060074D /* StudentGameIncorrectViewController.swift */; };
		C076C18623B78F5C0060074D /* StudentGameIncorrectViewController.swift in Sources */ = {isa = PBXBuildFile; fileRef = C076C18423B78F5C0060074D /* StudentGameIncorrectViewController.swift */; };
		C076C18823B790620060074D /* StudentGameFrozenViewController.swift in Sources */ = {isa = PBXBuildFile; fileRef = C076C18723B790620060074D /* StudentGameFrozenViewController.swift */; };
		C076C18923B790620060074D /* StudentGameFrozenViewController.swift in Sources */ = {isa = PBXBuildFile; fileRef = C076C18723B790620060074D /* StudentGameFrozenViewController.swift */; };
		C07C2E0A23A57441005B5423 /* TeacherViewController.swift in Sources */ = {isa = PBXBuildFile; fileRef = C07C2E0923A57441005B5423 /* TeacherViewController.swift */; };
		C07C2E0B23A57441005B5423 /* TeacherViewController.swift in Sources */ = {isa = PBXBuildFile; fileRef = C07C2E0923A57441005B5423 /* TeacherViewController.swift */; };
		C07C2E1023A5845E005B5423 /* CourseView.swift in Sources */ = {isa = PBXBuildFile; fileRef = C07C2E0F23A5845E005B5423 /* CourseView.swift */; };
		C07C2E1123A5845E005B5423 /* CourseView.swift in Sources */ = {isa = PBXBuildFile; fileRef = C07C2E0F23A5845E005B5423 /* CourseView.swift */; };
		C0897FCD23D402150025360C /* CreateCourseController.swift in Sources */ = {isa = PBXBuildFile; fileRef = C0897FCC23D402150025360C /* CreateCourseController.swift */; };
		C0897FCE23D402150025360C /* CreateCourseController.swift in Sources */ = {isa = PBXBuildFile; fileRef = C0897FCC23D402150025360C /* CreateCourseController.swift */; };
		C092C16C23B66D4700032C5E /* StudentViewController.swift in Sources */ = {isa = PBXBuildFile; fileRef = C092C16B23B66D4700032C5E /* StudentViewController.swift */; };
		C092C16D23B66D4700032C5E /* StudentViewController.swift in Sources */ = {isa = PBXBuildFile; fileRef = C092C16B23B66D4700032C5E /* StudentViewController.swift */; };
		C092C16F23B674E500032C5E /* Progression.swift in Sources */ = {isa = PBXBuildFile; fileRef = C092C16E23B674E500032C5E /* Progression.swift */; };
		C092C17023B674E500032C5E /* Progression.swift in Sources */ = {isa = PBXBuildFile; fileRef = C092C16E23B674E500032C5E /* Progression.swift */; };
		C092C17B23B67B8300032C5E /* ActionCheckAnswers.swift in Sources */ = {isa = PBXBuildFile; fileRef = C092C17A23B67B8300032C5E /* ActionCheckAnswers.swift */; };
		C092C17C23B67B8300032C5E /* ActionCheckAnswers.swift in Sources */ = {isa = PBXBuildFile; fileRef = C092C17A23B67B8300032C5E /* ActionCheckAnswers.swift */; };
		C092C17E23B6868A00032C5E /* ReagentSelectionWrapper.swift in Sources */ = {isa = PBXBuildFile; fileRef = C092C17D23B6868A00032C5E /* ReagentSelectionWrapper.swift */; };
		C092C17F23B6868A00032C5E /* ReagentSelectionWrapper.swift in Sources */ = {isa = PBXBuildFile; fileRef = C092C17D23B6868A00032C5E /* ReagentSelectionWrapper.swift */; };
		C092C18123B6ACC000032C5E /* StudentGameCorrectViewController.swift in Sources */ = {isa = PBXBuildFile; fileRef = C092C18023B6ACC000032C5E /* StudentGameCorrectViewController.swift */; };
		C092C18223B6ACC000032C5E /* StudentGameCorrectViewController.swift in Sources */ = {isa = PBXBuildFile; fileRef = C092C18023B6ACC000032C5E /* StudentGameCorrectViewController.swift */; };
		C092C18423B6B11500032C5E /* ConfettiView.swift in Sources */ = {isa = PBXBuildFile; fileRef = C092C18323B6B11500032C5E /* ConfettiView.swift */; };
		C092C18523B6B11500032C5E /* ConfettiView.swift in Sources */ = {isa = PBXBuildFile; fileRef = C092C18323B6B11500032C5E /* ConfettiView.swift */; };
		C092C18723B6B1F600032C5E /* diamond.png in Resources */ = {isa = PBXBuildFile; fileRef = C092C18623B6B1F600032C5E /* diamond.png */; };
		C092C18823B6B1F600032C5E /* diamond.png in Resources */ = {isa = PBXBuildFile; fileRef = C092C18623B6B1F600032C5E /* diamond.png */; };
		C092C18A23B6BBC800032C5E /* StudentFinishedViewController.swift in Sources */ = {isa = PBXBuildFile; fileRef = C092C18923B6BBC800032C5E /* StudentFinishedViewController.swift */; };
		C092C18B23B6BBC800032C5E /* StudentFinishedViewController.swift in Sources */ = {isa = PBXBuildFile; fileRef = C092C18923B6BBC800032C5E /* StudentFinishedViewController.swift */; };
		C096035423C251C5001848B0 /* Session.swift in Sources */ = {isa = PBXBuildFile; fileRef = C096035323C251C5001848B0 /* Session.swift */; };
		C096035523C251C5001848B0 /* Session.swift in Sources */ = {isa = PBXBuildFile; fileRef = C096035323C251C5001848B0 /* Session.swift */; };
		C096035823C28900001848B0 /* ActionEndSession.swift in Sources */ = {isa = PBXBuildFile; fileRef = C096035723C28900001848B0 /* ActionEndSession.swift */; };
		C096035923C28900001848B0 /* ActionEndSession.swift in Sources */ = {isa = PBXBuildFile; fileRef = C096035723C28900001848B0 /* ActionEndSession.swift */; };
		C096035B23C28BC2001848B0 /* ActionStartSession.swift in Sources */ = {isa = PBXBuildFile; fileRef = C096035A23C28BC2001848B0 /* ActionStartSession.swift */; };
		C096035C23C28BC2001848B0 /* ActionStartSession.swift in Sources */ = {isa = PBXBuildFile; fileRef = C096035A23C28BC2001848B0 /* ActionStartSession.swift */; };
		C096035E23C28CE4001848B0 /* ActionExtendSession.swift in Sources */ = {isa = PBXBuildFile; fileRef = C096035D23C28CE4001848B0 /* ActionExtendSession.swift */; };
		C096035F23C28CE4001848B0 /* ActionExtendSession.swift in Sources */ = {isa = PBXBuildFile; fileRef = C096035D23C28CE4001848B0 /* ActionExtendSession.swift */; };
		C096036123C28DAB001848B0 /* ActionGetSessionContent.swift in Sources */ = {isa = PBXBuildFile; fileRef = C096036023C28DAB001848B0 /* ActionGetSessionContent.swift */; };
		C096036223C28DAB001848B0 /* ActionGetSessionContent.swift in Sources */ = {isa = PBXBuildFile; fileRef = C096036023C28DAB001848B0 /* ActionGetSessionContent.swift */; };
		C098D088238C9A8F006B6E20 /* macOS-GoogleService-Info.plist in Resources */ = {isa = PBXBuildFile; fileRef = C098D087238C9A8F006B6E20 /* macOS-GoogleService-Info.plist */; };
		C098D089238C9A8F006B6E20 /* macOS-GoogleService-Info.plist in Resources */ = {isa = PBXBuildFile; fileRef = C098D087238C9A8F006B6E20 /* macOS-GoogleService-Info.plist */; };
		C098D08B238C9AC9006B6E20 /* iPadOS-GoogleService-Info.plist in Resources */ = {isa = PBXBuildFile; fileRef = C098D08A238C9AC9006B6E20 /* iPadOS-GoogleService-Info.plist */; };
		C098D08C238C9AC9006B6E20 /* iPadOS-GoogleService-Info.plist in Resources */ = {isa = PBXBuildFile; fileRef = C098D08A238C9AC9006B6E20 /* iPadOS-GoogleService-Info.plist */; };
		C0C67A2923C248AC0023BF9E /* TeacherCourseSessionStatusController.swift in Sources */ = {isa = PBXBuildFile; fileRef = C0C67A2823C248AC0023BF9E /* TeacherCourseSessionStatusController.swift */; };
		C0CA0FDE23DC107F00314620 /* TeacherCourseAccessAddStoryboardController.swift in Sources */ = {isa = PBXBuildFile; fileRef = C0CA0FDD23DC107F00314620 /* TeacherCourseAccessAddStoryboardController.swift */; };
		C0CA0FE023DC14A500314620 /* TeacherCourseAccessAdd.storyboard in Resources */ = {isa = PBXBuildFile; fileRef = C0CA0FDF23DC14A500314620 /* TeacherCourseAccessAdd.storyboard */; };
		C0CA0FE223DC192800314620 /* String+Error.swift in Sources */ = {isa = PBXBuildFile; fileRef = C0CA0FE123DC192800314620 /* String+Error.swift */; };
		C0CA0FE323DC192800314620 /* String+Error.swift in Sources */ = {isa = PBXBuildFile; fileRef = C0CA0FE123DC192800314620 /* String+Error.swift */; };
		C0CA0FE523DC196100314620 /* Query+StartsWith.swift in Sources */ = {isa = PBXBuildFile; fileRef = C0CA0FE423DC196100314620 /* Query+StartsWith.swift */; };
		C0CA0FE623DC196100314620 /* Query+StartsWith.swift in Sources */ = {isa = PBXBuildFile; fileRef = C0CA0FE423DC196100314620 /* Query+StartsWith.swift */; };
		C0EDB7B523D512AC006DBE0D /* ActionCourseNameExists.swift in Sources */ = {isa = PBXBuildFile; fileRef = C0EDB7B423D512AC006DBE0D /* ActionCourseNameExists.swift */; };
		C0EDB7B623D512AC006DBE0D /* ActionCourseNameExists.swift in Sources */ = {isa = PBXBuildFile; fileRef = C0EDB7B423D512AC006DBE0D /* ActionCourseNameExists.swift */; };
		C0EF8C3F23D0D3F700DB8ECA /* Iceberg.swift in Sources */ = {isa = PBXBuildFile; fileRef = C0EF8C3E23D0D3F700DB8ECA /* Iceberg.swift */; };
		C0EF8C4023D0D3F700DB8ECA /* Iceberg.swift in Sources */ = {isa = PBXBuildFile; fileRef = C0EF8C3E23D0D3F700DB8ECA /* Iceberg.swift */; };
		C0EF8C4223D0D85300DB8ECA /* IcebergView.swift in Sources */ = {isa = PBXBuildFile; fileRef = C0EF8C4123D0D85300DB8ECA /* IcebergView.swift */; };
		C0EF8C4323D0D85300DB8ECA /* IcebergView.swift in Sources */ = {isa = PBXBuildFile; fileRef = C0EF8C4123D0D85300DB8ECA /* IcebergView.swift */; };
		C0F97E4323B040AD0091E974 /* StudentGameViewController.swift in Sources */ = {isa = PBXBuildFile; fileRef = C0F97E4223B040AD0091E974 /* StudentGameViewController.swift */; };
		C0F97E4423B040AD0091E974 /* StudentGameViewController.swift in Sources */ = {isa = PBXBuildFile; fileRef = C0F97E4223B040AD0091E974 /* StudentGameViewController.swift */; };
		C0FAADE723AE9DA100420A8C /* TeacherCourseSetupController.swift in Sources */ = {isa = PBXBuildFile; fileRef = C0FAADE623AE9DA100420A8C /* TeacherCourseSetupController.swift */; };
		C0FAADE823AE9DA100420A8C /* TeacherCourseSetupController.swift in Sources */ = {isa = PBXBuildFile; fileRef = C0FAADE623AE9DA100420A8C /* TeacherCourseSetupController.swift */; };
		D67F5A29239826FF008C7EDC /* Game.storyboard in Resources */ = {isa = PBXBuildFile; fileRef = D67F5A28239826FF008C7EDC /* Game.storyboard */; };
		D67F5A2A239826FF008C7EDC /* Game.storyboard in Resources */ = {isa = PBXBuildFile; fileRef = D67F5A28239826FF008C7EDC /* Game.storyboard */; };
		D67F5A2C2398270C008C7EDC /* Teacher.storyboard in Resources */ = {isa = PBXBuildFile; fileRef = D67F5A2B2398270C008C7EDC /* Teacher.storyboard */; };
		D67F5A2D2398270C008C7EDC /* Teacher.storyboard in Resources */ = {isa = PBXBuildFile; fileRef = D67F5A2B2398270C008C7EDC /* Teacher.storyboard */; };
		D6BDF5CB23977AE300638352 /* QError.swift in Sources */ = {isa = PBXBuildFile; fileRef = D6BDF5CA23977AE300638352 /* QError.swift */; };
		D6BDF5CC23977AE300638352 /* QError.swift in Sources */ = {isa = PBXBuildFile; fileRef = D6BDF5CA23977AE300638352 /* QError.swift */; };
		DA85B086DB0DA7C84A4FDF84 /* Pods_bbnQUAL.framework in Frameworks */ = {isa = PBXBuildFile; fileRef = BC9DAB37B5D1A0B9F97D1329 /* Pods_bbnQUAL.framework */; };
/* End PBXBuildFile section */

/* Begin PBXContainerItemProxy section */
		C03C8AEB238C35DC00715032 /* PBXContainerItemProxy */ = {
			isa = PBXContainerItemProxy;
			containerPortal = C03C8ACC238C35D900715032 /* Project object */;
			proxyType = 1;
			remoteGlobalIDString = C03C8AD3238C35D900715032;
			remoteInfo = bbnQUAL;
		};
/* End PBXContainerItemProxy section */

/* Begin PBXFileReference section */
		63C752DF7E8086D3BF4B1E78 /* Pods-bbnQUAL.debug.xcconfig */ = {isa = PBXFileReference; includeInIndex = 1; lastKnownFileType = text.xcconfig; name = "Pods-bbnQUAL.debug.xcconfig"; path = "Target Support Files/Pods-bbnQUAL/Pods-bbnQUAL.debug.xcconfig"; sourceTree = "<group>"; };
		9AE06BB0424A4787150EED39 /* Pods-bbnQUAL.release.xcconfig */ = {isa = PBXFileReference; includeInIndex = 1; lastKnownFileType = text.xcconfig; name = "Pods-bbnQUAL.release.xcconfig"; path = "Target Support Files/Pods-bbnQUAL/Pods-bbnQUAL.release.xcconfig"; sourceTree = "<group>"; };
		BC9DAB37B5D1A0B9F97D1329 /* Pods_bbnQUAL.framework */ = {isa = PBXFileReference; explicitFileType = wrapper.framework; includeInIndex = 0; path = Pods_bbnQUAL.framework; sourceTree = BUILT_PRODUCTS_DIR; };
		C00E135123D264AE00A12E17 /* Map+JSON.swift */ = {isa = PBXFileReference; lastKnownFileType = sourcecode.swift; path = "Map+JSON.swift"; sourceTree = "<group>"; };
		C00E135423D26F7F00A12E17 /* TeacherProgressionOverview.swift */ = {isa = PBXFileReference; lastKnownFileType = sourcecode.swift; path = TeacherProgressionOverview.swift; sourceTree = "<group>"; };
		C010E31023905F2F00D07047 /* Callback.swift */ = {isa = PBXFileReference; fileEncoding = 4; lastKnownFileType = sourcecode.swift; path = Callback.swift; sourceTree = "<group>"; };
		C010E3132390613500D07047 /* FirestoreRepresentable.swift */ = {isa = PBXFileReference; lastKnownFileType = sourcecode.swift; path = FirestoreRepresentable.swift; sourceTree = "<group>"; };
		C012BABA23DCFC3200DF8E97 /* TeamSetupView.swift */ = {isa = PBXFileReference; lastKnownFileType = sourcecode.swift; path = TeamSetupView.swift; sourceTree = "<group>"; };
		C012BABE23DD145200DF8E97 /* TeacherCourseLiveController.swift */ = {isa = PBXFileReference; lastKnownFileType = sourcecode.swift; path = TeacherCourseLiveController.swift; sourceTree = "<group>"; };
		C0306F1823CD071E00A61C16 /* TeacherCourseSessionIcebergsController.swift */ = {isa = PBXFileReference; lastKnownFileType = sourcecode.swift; path = TeacherCourseSessionIcebergsController.swift; sourceTree = "<group>"; };
		C0306F1B23CD0A6800A61C16 /* TeacherCourseSessionProgressController.swift */ = {isa = PBXFileReference; lastKnownFileType = sourcecode.swift; path = TeacherCourseSessionProgressController.swift; sourceTree = "<group>"; };
		C0306F1E23CE2A3E00A61C16 /* ProgressionTrackView.swift */ = {isa = PBXFileReference; lastKnownFileType = sourcecode.swift; path = ProgressionTrackView.swift; sourceTree = "<group>"; };
		C037BCFD23B4E70700231119 /* Reagent.swift */ = {isa = PBXFileReference; lastKnownFileType = sourcecode.swift; path = Reagent.swift; sourceTree = "<group>"; };
		C03C8AD4238C35D900715032 /* bbnQUAL.app */ = {isa = PBXFileReference; explicitFileType = wrapper.application; includeInIndex = 0; path = bbnQUAL.app; sourceTree = BUILT_PRODUCTS_DIR; };
		C03C8AD7238C35D900715032 /* AppDelegate.swift */ = {isa = PBXFileReference; lastKnownFileType = sourcecode.swift; path = AppDelegate.swift; sourceTree = "<group>"; };
		C03C8AD9238C35D900715032 /* SceneDelegate.swift */ = {isa = PBXFileReference; lastKnownFileType = sourcecode.swift; path = SceneDelegate.swift; sourceTree = "<group>"; };
		C03C8AE0238C35DB00715032 /* Assets.xcassets */ = {isa = PBXFileReference; lastKnownFileType = folder.assetcatalog; path = Assets.xcassets; sourceTree = "<group>"; };
		C03C8AE3238C35DB00715032 /* Base */ = {isa = PBXFileReference; lastKnownFileType = file.storyboard; name = Base; path = Base.lproj/LaunchScreen.storyboard; sourceTree = "<group>"; };
		C03C8AE5238C35DB00715032 /* Info.plist */ = {isa = PBXFileReference; lastKnownFileType = text.plist.xml; path = Info.plist; sourceTree = "<group>"; };
		C03C8AEA238C35DC00715032 /* bbnQUALTests.xctest */ = {isa = PBXFileReference; explicitFileType = wrapper.cfbundle; includeInIndex = 0; path = bbnQUALTests.xctest; sourceTree = BUILT_PRODUCTS_DIR; };
		C03C8AEE238C35DC00715032 /* bbnQUALTests.swift */ = {isa = PBXFileReference; lastKnownFileType = sourcecode.swift; path = bbnQUALTests.swift; sourceTree = "<group>"; };
		C03C8AF0238C35DC00715032 /* Info.plist */ = {isa = PBXFileReference; lastKnownFileType = text.plist.xml; path = Info.plist; sourceTree = "<group>"; };
		C03C8AF9238C35EC00715032 /* bbnQUAL.entitlements */ = {isa = PBXFileReference; lastKnownFileType = text.plist.entitlements; path = bbnQUAL.entitlements; sourceTree = "<group>"; };
		C03CC82823B3C47A00D8482C /* TestTube-Light.svg */ = {isa = PBXFileReference; fileEncoding = 4; lastKnownFileType = text; path = "TestTube-Light.svg"; sourceTree = "<group>"; };
		C03CC82B23B3FD5200D8482C /* TestTube-Dark.svg */ = {isa = PBXFileReference; fileEncoding = 4; lastKnownFileType = text; path = "TestTube-Dark.svg"; sourceTree = "<group>"; };
		C049D86D23AFF05B00DFE9DA /* ReagentSelectionView.swift */ = {isa = PBXFileReference; lastKnownFileType = sourcecode.swift; path = ReagentSelectionView.swift; sourceTree = "<group>"; };
		C04F649F23BF2E8500225746 /* TeacherCourse.storyboard */ = {isa = PBXFileReference; lastKnownFileType = file.storyboard; path = TeacherCourse.storyboard; sourceTree = "<group>"; };
		C04F64A323BF673000225746 /* TeacherCourseSessionController.swift */ = {isa = PBXFileReference; lastKnownFileType = sourcecode.swift; path = TeacherCourseSessionController.swift; sourceTree = "<group>"; };
		C04F64A623BF6BC500225746 /* TeacherCourseTeamsController.swift */ = {isa = PBXFileReference; lastKnownFileType = sourcecode.swift; path = TeacherCourseTeamsController.swift; sourceTree = "<group>"; };
		C04F64A923BF741B00225746 /* ActionGetClassSession.swift */ = {isa = PBXFileReference; lastKnownFileType = sourcecode.swift; path = ActionGetClassSession.swift; sourceTree = "<group>"; };
		C0502E2A23BDF06E00478BDD /* ProfileController.swift */ = {isa = PBXFileReference; lastKnownFileType = sourcecode.swift; path = ProfileController.swift; sourceTree = "<group>"; };
		C0502E2D23BE036900478BDD /* LogoutButton.swift */ = {isa = PBXFileReference; lastKnownFileType = sourcecode.swift; path = LogoutButton.swift; sourceTree = "<group>"; };
		C0502E3023BE054D00478BDD /* LoginButton.swift */ = {isa = PBXFileReference; lastKnownFileType = sourcecode.swift; path = LoginButton.swift; sourceTree = "<group>"; };
		C0502E3423BE6A4E00478BDD /* CourseSetup.storyboard */ = {isa = PBXFileReference; lastKnownFileType = file.storyboard; path = CourseSetup.storyboard; sourceTree = "<group>"; };
		C0502E3723BE6AAB00478BDD /* TeacherCourseController.swift */ = {isa = PBXFileReference; lastKnownFileType = sourcecode.swift; path = TeacherCourseController.swift; sourceTree = "<group>"; };
		C054422723DBB43F00DCABE8 /* TeacherCourseSettings.storyboard */ = {isa = PBXFileReference; lastKnownFileType = file.storyboard; path = TeacherCourseSettings.storyboard; sourceTree = "<group>"; };
		C054422A23DBB57700DCABE8 /* TeacherCourseSettingsStoryboardController.swift */ = {isa = PBXFileReference; lastKnownFileType = sourcecode.swift; path = TeacherCourseSettingsStoryboardController.swift; sourceTree = "<group>"; };
		C054422D23DBB5A400DCABE8 /* TeacherCourseSettingsController.swift */ = {isa = PBXFileReference; lastKnownFileType = sourcecode.swift; path = TeacherCourseSettingsController.swift; sourceTree = "<group>"; };
		C054423123DBDD0C00DCABE8 /* TeacherCourseAccessController.swift */ = {isa = PBXFileReference; lastKnownFileType = sourcecode.swift; path = TeacherCourseAccessController.swift; sourceTree = "<group>"; };
		C054423423DC022200DCABE8 /* TeacherView.swift */ = {isa = PBXFileReference; lastKnownFileType = sourcecode.swift; path = TeacherView.swift; sourceTree = "<group>"; };
		C05EE36123BC358800788A1F /* ActionRefreshGoogleToken.swift */ = {isa = PBXFileReference; lastKnownFileType = sourcecode.swift; path = ActionRefreshGoogleToken.swift; sourceTree = "<group>"; };
		C05EE36523BCAF2B00788A1F /* StudentSessionController.swift */ = {isa = PBXFileReference; lastKnownFileType = sourcecode.swift; path = StudentSessionController.swift; sourceTree = "<group>"; };
		C05EE36923BCB02900788A1F /* ActionGetStudentSession.swift */ = {isa = PBXFileReference; lastKnownFileType = sourcecode.swift; path = ActionGetStudentSession.swift; sourceTree = "<group>"; };
		C05EE36C23BCB28200788A1F /* ActionWatchSessionExpiration.swift */ = {isa = PBXFileReference; lastKnownFileType = sourcecode.swift; path = ActionWatchSessionExpiration.swift; sourceTree = "<group>"; };
		C05EE37023BCF6F600788A1F /* Course.swift */ = {isa = PBXFileReference; lastKnownFileType = sourcecode.swift; path = Course.swift; sourceTree = "<group>"; };
		C05EE37323BCF73400788A1F /* Team.swift */ = {isa = PBXFileReference; lastKnownFileType = sourcecode.swift; path = Team.swift; sourceTree = "<group>"; };
		C0604BEB238EF47300686D89 /* PTSans-Bold.ttf */ = {isa = PBXFileReference; lastKnownFileType = file; path = "PTSans-Bold.ttf"; sourceTree = "<group>"; };
		C0604BEC238EF47300686D89 /* PTSans-Regular.ttf */ = {isa = PBXFileReference; lastKnownFileType = file; path = "PTSans-Regular.ttf"; sourceTree = "<group>"; };
		C0604BED238EF47400686D89 /* PTSans-BoldItalic.ttf */ = {isa = PBXFileReference; lastKnownFileType = file; path = "PTSans-BoldItalic.ttf"; sourceTree = "<group>"; };
		C0604BEE238EF47400686D89 /* PTSans-Italic.ttf */ = {isa = PBXFileReference; lastKnownFileType = file; path = "PTSans-Italic.ttf"; sourceTree = "<group>"; };
		C0604BFF238F0C7D00686D89 /* TestTubeView.swift */ = {isa = PBXFileReference; lastKnownFileType = sourcecode.swift; path = TestTubeView.swift; sourceTree = "<group>"; };
		C0681BD923C4E35800544928 /* ActionButton.swift */ = {isa = PBXFileReference; lastKnownFileType = sourcecode.swift; path = ActionButton.swift; sourceTree = "<group>"; };
		C06EF3D823BC000100BDE6E0 /* Root.storyboard */ = {isa = PBXFileReference; lastKnownFileType = file.storyboard; path = Root.storyboard; sourceTree = "<group>"; };
		C06EF3DB23BC007700BDE6E0 /* RootController.swift */ = {isa = PBXFileReference; lastKnownFileType = sourcecode.swift; path = RootController.swift; sourceTree = "<group>"; };
		C06EF3DF23BC04B400BDE6E0 /* AuthController.swift */ = {isa = PBXFileReference; lastKnownFileType = sourcecode.swift; path = AuthController.swift; sourceTree = "<group>"; };
		C06EF3E223BC057900BDE6E0 /* ActionOpenGoogleAuthDialogue.swift */ = {isa = PBXFileReference; lastKnownFileType = sourcecode.swift; path = ActionOpenGoogleAuthDialogue.swift; sourceTree = "<group>"; };
		C06EF3E523BC29D800BDE6E0 /* ErrorRetryController.swift */ = {isa = PBXFileReference; lastKnownFileType = sourcecode.swift; path = ErrorRetryController.swift; sourceTree = "<group>"; };
		C06EF3EA23BC2CF900BDE6E0 /* ActionGetUserAccess.swift */ = {isa = PBXFileReference; lastKnownFileType = sourcecode.swift; path = ActionGetUserAccess.swift; sourceTree = "<group>"; };
		C06EF3EE23BC2D5900BDE6E0 /* ControllerAction.swift */ = {isa = PBXFileReference; lastKnownFileType = sourcecode.swift; path = ControllerAction.swift; sourceTree = "<group>"; };
		C076C18423B78F5C0060074D /* StudentGameIncorrectViewController.swift */ = {isa = PBXFileReference; lastKnownFileType = sourcecode.swift; path = StudentGameIncorrectViewController.swift; sourceTree = "<group>"; };
		C076C18723B790620060074D /* StudentGameFrozenViewController.swift */ = {isa = PBXFileReference; lastKnownFileType = sourcecode.swift; path = StudentGameFrozenViewController.swift; sourceTree = "<group>"; };
		C07C2E0923A57441005B5423 /* TeacherViewController.swift */ = {isa = PBXFileReference; lastKnownFileType = sourcecode.swift; path = TeacherViewController.swift; sourceTree = "<group>"; };
		C07C2E0F23A5845E005B5423 /* CourseView.swift */ = {isa = PBXFileReference; lastKnownFileType = sourcecode.swift; path = CourseView.swift; sourceTree = "<group>"; };
		C0897FCC23D402150025360C /* CreateCourseController.swift */ = {isa = PBXFileReference; lastKnownFileType = sourcecode.swift; path = CreateCourseController.swift; sourceTree = "<group>"; };
		C092C16B23B66D4700032C5E /* StudentViewController.swift */ = {isa = PBXFileReference; lastKnownFileType = sourcecode.swift; path = StudentViewController.swift; sourceTree = "<group>"; };
		C092C16E23B674E500032C5E /* Progression.swift */ = {isa = PBXFileReference; lastKnownFileType = sourcecode.swift; path = Progression.swift; sourceTree = "<group>"; };
		C092C17A23B67B8300032C5E /* ActionCheckAnswers.swift */ = {isa = PBXFileReference; lastKnownFileType = sourcecode.swift; path = ActionCheckAnswers.swift; sourceTree = "<group>"; };
		C092C17D23B6868A00032C5E /* ReagentSelectionWrapper.swift */ = {isa = PBXFileReference; lastKnownFileType = sourcecode.swift; path = ReagentSelectionWrapper.swift; sourceTree = "<group>"; };
		C092C18023B6ACC000032C5E /* StudentGameCorrectViewController.swift */ = {isa = PBXFileReference; lastKnownFileType = sourcecode.swift; path = StudentGameCorrectViewController.swift; sourceTree = "<group>"; };
		C092C18323B6B11500032C5E /* ConfettiView.swift */ = {isa = PBXFileReference; lastKnownFileType = sourcecode.swift; path = ConfettiView.swift; sourceTree = "<group>"; };
		C092C18623B6B1F600032C5E /* diamond.png */ = {isa = PBXFileReference; lastKnownFileType = image.png; path = diamond.png; sourceTree = "<group>"; };
		C092C18923B6BBC800032C5E /* StudentFinishedViewController.swift */ = {isa = PBXFileReference; lastKnownFileType = sourcecode.swift; path = StudentFinishedViewController.swift; sourceTree = "<group>"; };
		C096035323C251C5001848B0 /* Session.swift */ = {isa = PBXFileReference; lastKnownFileType = sourcecode.swift; path = Session.swift; sourceTree = "<group>"; };
		C096035723C28900001848B0 /* ActionEndSession.swift */ = {isa = PBXFileReference; lastKnownFileType = sourcecode.swift; path = ActionEndSession.swift; sourceTree = "<group>"; };
		C096035A23C28BC2001848B0 /* ActionStartSession.swift */ = {isa = PBXFileReference; lastKnownFileType = sourcecode.swift; path = ActionStartSession.swift; sourceTree = "<group>"; };
		C096035D23C28CE4001848B0 /* ActionExtendSession.swift */ = {isa = PBXFileReference; lastKnownFileType = sourcecode.swift; path = ActionExtendSession.swift; sourceTree = "<group>"; };
		C096036023C28DAB001848B0 /* ActionGetSessionContent.swift */ = {isa = PBXFileReference; lastKnownFileType = sourcecode.swift; path = ActionGetSessionContent.swift; sourceTree = "<group>"; };
		C098D087238C9A8F006B6E20 /* macOS-GoogleService-Info.plist */ = {isa = PBXFileReference; fileEncoding = 4; lastKnownFileType = text.plist.xml; path = "macOS-GoogleService-Info.plist"; sourceTree = "<group>"; };
		C098D08A238C9AC9006B6E20 /* iPadOS-GoogleService-Info.plist */ = {isa = PBXFileReference; fileEncoding = 4; lastKnownFileType = text.plist.xml; path = "iPadOS-GoogleService-Info.plist"; sourceTree = "<group>"; };
		C0C67A2823C248AC0023BF9E /* TeacherCourseSessionStatusController.swift */ = {isa = PBXFileReference; lastKnownFileType = sourcecode.swift; path = TeacherCourseSessionStatusController.swift; sourceTree = "<group>"; };
		C0CA0FDD23DC107F00314620 /* TeacherCourseAccessAddStoryboardController.swift */ = {isa = PBXFileReference; lastKnownFileType = sourcecode.swift; path = TeacherCourseAccessAddStoryboardController.swift; sourceTree = "<group>"; };
		C0CA0FDF23DC14A500314620 /* TeacherCourseAccessAdd.storyboard */ = {isa = PBXFileReference; lastKnownFileType = file.storyboard; path = TeacherCourseAccessAdd.storyboard; sourceTree = "<group>"; };
		C0CA0FE123DC192800314620 /* String+Error.swift */ = {isa = PBXFileReference; fileEncoding = 4; lastKnownFileType = sourcecode.swift; path = "String+Error.swift"; sourceTree = "<group>"; };
		C0CA0FE423DC196100314620 /* Query+StartsWith.swift */ = {isa = PBXFileReference; lastKnownFileType = sourcecode.swift; path = "Query+StartsWith.swift"; sourceTree = "<group>"; };
		C0EDB7B423D512AC006DBE0D /* ActionCourseNameExists.swift */ = {isa = PBXFileReference; lastKnownFileType = sourcecode.swift; path = ActionCourseNameExists.swift; sourceTree = "<group>"; };
		C0EF8C3E23D0D3F700DB8ECA /* Iceberg.swift */ = {isa = PBXFileReference; lastKnownFileType = sourcecode.swift; path = Iceberg.swift; sourceTree = "<group>"; };
		C0EF8C4123D0D85300DB8ECA /* IcebergView.swift */ = {isa = PBXFileReference; lastKnownFileType = sourcecode.swift; path = IcebergView.swift; sourceTree = "<group>"; };
		C0F97E4223B040AD0091E974 /* StudentGameViewController.swift */ = {isa = PBXFileReference; lastKnownFileType = sourcecode.swift; path = StudentGameViewController.swift; sourceTree = "<group>"; };
		C0FAADE623AE9DA100420A8C /* TeacherCourseSetupController.swift */ = {isa = PBXFileReference; lastKnownFileType = sourcecode.swift; path = TeacherCourseSetupController.swift; sourceTree = "<group>"; };
		D67F5A28239826FF008C7EDC /* Game.storyboard */ = {isa = PBXFileReference; lastKnownFileType = file.storyboard; path = Game.storyboard; sourceTree = "<group>"; };
		D67F5A2B2398270C008C7EDC /* Teacher.storyboard */ = {isa = PBXFileReference; lastKnownFileType = file.storyboard; path = Teacher.storyboard; sourceTree = "<group>"; };
		D6BDF5CA23977AE300638352 /* QError.swift */ = {isa = PBXFileReference; lastKnownFileType = sourcecode.swift; path = QError.swift; sourceTree = "<group>"; };
/* End PBXFileReference section */

/* Begin PBXFrameworksBuildPhase section */
		C03C8AD1238C35D900715032 /* Frameworks */ = {
			isa = PBXFrameworksBuildPhase;
			buildActionMask = 2147483647;
			files = (
				DA85B086DB0DA7C84A4FDF84 /* Pods_bbnQUAL.framework in Frameworks */,
			);
			runOnlyForDeploymentPostprocessing = 0;
		};
		C03C8AE7238C35DC00715032 /* Frameworks */ = {
			isa = PBXFrameworksBuildPhase;
			buildActionMask = 2147483647;
			files = (
			);
			runOnlyForDeploymentPostprocessing = 0;
		};
/* End PBXFrameworksBuildPhase section */

/* Begin PBXGroup section */
		12F35F2A7A2CF247B48009C7 /* Frameworks */ = {
			isa = PBXGroup;
			children = (
				BC9DAB37B5D1A0B9F97D1329 /* Pods_bbnQUAL.framework */,
			);
			name = Frameworks;
			sourceTree = "<group>";
		};
		C00F119D2391F5DA00D66E7D /* Logic */ = {
			isa = PBXGroup;
			children = (
				C010E31023905F2F00D07047 /* Callback.swift */,
				D6BDF5CA23977AE300638352 /* QError.swift */,
				C010E3132390613500D07047 /* FirestoreRepresentable.swift */,
				C0502E2923BD391B00478BDD /* Utils */,
				C00F11A32391F70700D66E7D /* Models */,
			);
			path = Logic;
			sourceTree = "<group>";
		};
		C00F119E2391F5E200D66E7D /* Interface */ = {
			isa = PBXGroup;
			children = (
				C00F11A02391F68000D66E7D /* Controllers */,
				C00F11A12391F69200D66E7D /* Views */,
			);
			path = Interface;
			sourceTree = "<group>";
		};
		C00F119F2391F5EA00D66E7D /* Assets */ = {
			isa = PBXGroup;
			children = (
				C03C8AE0238C35DB00715032 /* Assets.xcassets */,
				C0604BF8238F0AAC00686D89 /* Graphics */,
				C0604BF7238EF47C00686D89 /* Fonts */,
			);
			path = Assets;
			sourceTree = "<group>";
		};
		C00F11A02391F68000D66E7D /* Controllers */ = {
			isa = PBXGroup;
			children = (
				C06EF3EE23BC2D5900BDE6E0 /* ControllerAction.swift */,
				C0502E2A23BDF06E00478BDD /* ProfileController.swift */,
				C06EF3E523BC29D800BDE6E0 /* ErrorRetryController.swift */,
				C06EF3D723BBFFEC00BDE6E0 /* Root */,
				C06EF3DE23BC04A500BDE6E0 /* Auth */,
				C05EE36423BCAF1000788A1F /* Session */,
				C0F97E4123B0403E0091E974 /* Student */,
				C07C2E0823A57388005B5423 /* Teacher */,
			);
			path = Controllers;
			sourceTree = "<group>";
		};
		C00F11A12391F69200D66E7D /* Views */ = {
			isa = PBXGroup;
			children = (
				C054423423DC022200DCABE8 /* TeacherView.swift */,
				C012BABA23DCFC3200DF8E97 /* TeamSetupView.swift */,
				C07C2E0F23A5845E005B5423 /* CourseView.swift */,
				C0306F1E23CE2A3E00A61C16 /* ProgressionTrackView.swift */,
				C0502E2D23BE036900478BDD /* LogoutButton.swift */,
				C0681BD923C4E35800544928 /* ActionButton.swift */,
				C0EF8C4123D0D85300DB8ECA /* IcebergView.swift */,
				C0502E3023BE054D00478BDD /* LoginButton.swift */,
				C092C18323B6B11500032C5E /* ConfettiView.swift */,
				C0604BFF238F0C7D00686D89 /* TestTubeView.swift */,
				C049D86D23AFF05B00DFE9DA /* ReagentSelectionView.swift */,
			);
			path = Views;
			sourceTree = "<group>";
		};
		C00F11A32391F70700D66E7D /* Models */ = {
			isa = PBXGroup;
			children = (
				C037BCFD23B4E70700231119 /* Reagent.swift */,
				C092C16E23B674E500032C5E /* Progression.swift */,
				C00E135423D26F7F00A12E17 /* TeacherProgressionOverview.swift */,
				C0EF8C3E23D0D3F700DB8ECA /* Iceberg.swift */,
				C096035323C251C5001848B0 /* Session.swift */,
				C05EE37023BCF6F600788A1F /* Course.swift */,
				C05EE37323BCF73400788A1F /* Team.swift */,
			);
			path = Models;
			sourceTree = "<group>";
		};
		C012BABD23DD13A400DF8E97 /* Live */ = {
			isa = PBXGroup;
			children = (
				C012BABE23DD145200DF8E97 /* TeacherCourseLiveController.swift */,
			);
			path = Live;
			sourceTree = "<group>";
		};
		C03C8ACB238C35D900715032 = {
			isa = PBXGroup;
			children = (
				C03C8AD6238C35D900715032 /* bbnQUAL */,
				C03C8AED238C35DC00715032 /* bbnQUALTests */,
				C03C8AD5238C35D900715032 /* Products */,
				E450C1A960D788D184CA831A /* Pods */,
				12F35F2A7A2CF247B48009C7 /* Frameworks */,
			);
			sourceTree = "<group>";
		};
		C03C8AD5238C35D900715032 /* Products */ = {
			isa = PBXGroup;
			children = (
				C03C8AD4238C35D900715032 /* bbnQUAL.app */,
				C03C8AEA238C35DC00715032 /* bbnQUALTests.xctest */,
			);
			name = Products;
			sourceTree = "<group>";
		};
		C03C8AD6238C35D900715032 /* bbnQUAL */ = {
			isa = PBXGroup;
			children = (
				C03C8AF9238C35EC00715032 /* bbnQUAL.entitlements */,
				C03C8AE5238C35DB00715032 /* Info.plist */,
				C098D087238C9A8F006B6E20 /* macOS-GoogleService-Info.plist */,
				C098D08A238C9AC9006B6E20 /* iPadOS-GoogleService-Info.plist */,
				C03C8AD7238C35D900715032 /* AppDelegate.swift */,
				C03C8AD9238C35D900715032 /* SceneDelegate.swift */,
				C03C8AE2238C35DB00715032 /* LaunchScreen.storyboard */,
				C00F119F2391F5EA00D66E7D /* Assets */,
				C00F119E2391F5E200D66E7D /* Interface */,
				C00F119D2391F5DA00D66E7D /* Logic */,
			);
			path = bbnQUAL;
			sourceTree = "<group>";
		};
		C03C8AED238C35DC00715032 /* bbnQUALTests */ = {
			isa = PBXGroup;
			children = (
				C03C8AEE238C35DC00715032 /* bbnQUALTests.swift */,
				C03C8AF0238C35DC00715032 /* Info.plist */,
			);
			path = bbnQUALTests;
			sourceTree = "<group>";
		};
		C04F649E23BF183400225746 /* Actions */ = {
			isa = PBXGroup;
			children = (
				C092C17A23B67B8300032C5E /* ActionCheckAnswers.swift */,
			);
			path = Actions;
			sourceTree = "<group>";
		};
		C04F64A223BF66A900225746 /* Tabs */ = {
			isa = PBXGroup;
			children = (
				C0C67A2723C248970023BF9E /* Session */,
				C054422623DBB3D600DCABE8 /* Teams */,
				C054423023DBDBA100DCABE8 /* Access */,
				C054422523DBB3B500DCABE8 /* Settings */,
				C012BABD23DD13A400DF8E97 /* Live */,
			);
			path = Tabs;
			sourceTree = "<group>";
		};
		C0502E2923BD391B00478BDD /* Utils */ = {
			isa = PBXGroup;
			children = (
				C0CA0FE123DC192800314620 /* String+Error.swift */,
				C00E135123D264AE00A12E17 /* Map+JSON.swift */,
				C0CA0FE423DC196100314620 /* Query+StartsWith.swift */,
			);
			path = Utils;
			sourceTree = "<group>";
		};
		C0502E3323BE6A0000478BDD /* Course */ = {
			isa = PBXGroup;
			children = (
				C04F649F23BF2E8500225746 /* TeacherCourse.storyboard */,
				C0502E3723BE6AAB00478BDD /* TeacherCourseController.swift */,
				C04F64A223BF66A900225746 /* Tabs */,
				C0502E3A23BE6ABB00478BDD /* Setup */,
			);
			path = Course;
			sourceTree = "<group>";
		};
		C0502E3A23BE6ABB00478BDD /* Setup */ = {
			isa = PBXGroup;
			children = (
				C0502E3423BE6A4E00478BDD /* CourseSetup.storyboard */,
				C0FAADE623AE9DA100420A8C /* TeacherCourseSetupController.swift */,
			);
			path = Setup;
			sourceTree = "<group>";
		};
		C054422523DBB3B500DCABE8 /* Settings */ = {
			isa = PBXGroup;
			children = (
				C054422723DBB43F00DCABE8 /* TeacherCourseSettings.storyboard */,
				C054422A23DBB57700DCABE8 /* TeacherCourseSettingsStoryboardController.swift */,
				C054422D23DBB5A400DCABE8 /* TeacherCourseSettingsController.swift */,
			);
			path = Settings;
			sourceTree = "<group>";
		};
		C054422623DBB3D600DCABE8 /* Teams */ = {
			isa = PBXGroup;
			children = (
				C04F64A623BF6BC500225746 /* TeacherCourseTeamsController.swift */,
			);
			path = Teams;
			sourceTree = "<group>";
		};
		C054423023DBDBA100DCABE8 /* Access */ = {
			isa = PBXGroup;
			children = (
				C054423123DBDD0C00DCABE8 /* TeacherCourseAccessController.swift */,
				C0CA0FDD23DC107F00314620 /* TeacherCourseAccessAddStoryboardController.swift */,
				C0CA0FDF23DC14A500314620 /* TeacherCourseAccessAdd.storyboard */,
			);
			path = Access;
			sourceTree = "<group>";
		};
		C05EE36423BCAF1000788A1F /* Session */ = {
			isa = PBXGroup;
			children = (
				C05EE36823BCAFF700788A1F /* Actions */,
				C05EE36523BCAF2B00788A1F /* StudentSessionController.swift */,
			);
			path = Session;
			sourceTree = "<group>";
		};
		C05EE36823BCAFF700788A1F /* Actions */ = {
			isa = PBXGroup;
			children = (
				C05EE36923BCB02900788A1F /* ActionGetStudentSession.swift */,
				C04F64A923BF741B00225746 /* ActionGetClassSession.swift */,
				C05EE36C23BCB28200788A1F /* ActionWatchSessionExpiration.swift */,
			);
			path = Actions;
			sourceTree = "<group>";
		};
		C05EE37623BD173E00788A1F /* Game */ = {
			isa = PBXGroup;
			children = (
				D67F5A28239826FF008C7EDC /* Game.storyboard */,
				C0F97E4223B040AD0091E974 /* StudentGameViewController.swift */,
				C04F649E23BF183400225746 /* Actions */,
				C05EE37823BD19B800788A1F /* Data */,
			);
			path = Game;
			sourceTree = "<group>";
		};
		C05EE37723BD19AA00788A1F /* States */ = {
			isa = PBXGroup;
			children = (
				C092C18023B6ACC000032C5E /* StudentGameCorrectViewController.swift */,
				C076C18423B78F5C0060074D /* StudentGameIncorrectViewController.swift */,
				C076C18723B790620060074D /* StudentGameFrozenViewController.swift */,
				C092C18923B6BBC800032C5E /* StudentFinishedViewController.swift */,
			);
			path = States;
			sourceTree = "<group>";
		};
		C05EE37823BD19B800788A1F /* Data */ = {
			isa = PBXGroup;
			children = (
				C092C17D23B6868A00032C5E /* ReagentSelectionWrapper.swift */,
			);
			path = Data;
			sourceTree = "<group>";
		};
		C0604BF7238EF47C00686D89 /* Fonts */ = {
			isa = PBXGroup;
			children = (
				C0604BEB238EF47300686D89 /* PTSans-Bold.ttf */,
				C0604BED238EF47400686D89 /* PTSans-BoldItalic.ttf */,
				C0604BEE238EF47400686D89 /* PTSans-Italic.ttf */,
				C0604BEC238EF47300686D89 /* PTSans-Regular.ttf */,
			);
			path = Fonts;
			sourceTree = "<group>";
		};
		C0604BF8238F0AAC00686D89 /* Graphics */ = {
			isa = PBXGroup;
			children = (
				C092C18623B6B1F600032C5E /* diamond.png */,
				C03CC82823B3C47A00D8482C /* TestTube-Light.svg */,
				C03CC82B23B3FD5200D8482C /* TestTube-Dark.svg */,
			);
			path = Graphics;
			sourceTree = "<group>";
		};
		C06EF3D723BBFFEC00BDE6E0 /* Root */ = {
			isa = PBXGroup;
			children = (
				C06EF3E923BC2CE500BDE6E0 /* Actions */,
				C06EF3D823BC000100BDE6E0 /* Root.storyboard */,
				C06EF3DB23BC007700BDE6E0 /* RootController.swift */,
			);
			path = Root;
			sourceTree = "<group>";
		};
		C06EF3DE23BC04A500BDE6E0 /* Auth */ = {
			isa = PBXGroup;
			children = (
				C06EF3DF23BC04B400BDE6E0 /* AuthController.swift */,
				C06EF3ED23BC2D1C00BDE6E0 /* Actions */,
			);
			path = Auth;
			sourceTree = "<group>";
		};
		C06EF3E923BC2CE500BDE6E0 /* Actions */ = {
			isa = PBXGroup;
			children = (
				C06EF3EA23BC2CF900BDE6E0 /* ActionGetUserAccess.swift */,
			);
			path = Actions;
			sourceTree = "<group>";
		};
		C06EF3ED23BC2D1C00BDE6E0 /* Actions */ = {
			isa = PBXGroup;
			children = (
				C06EF3E223BC057900BDE6E0 /* ActionOpenGoogleAuthDialogue.swift */,
				C05EE36123BC358800788A1F /* ActionRefreshGoogleToken.swift */,
			);
			path = Actions;
			sourceTree = "<group>";
		};
		C07C2E0823A57388005B5423 /* Teacher */ = {
			isa = PBXGroup;
			children = (
				D67F5A2B2398270C008C7EDC /* Teacher.storyboard */,
				C07C2E0923A57441005B5423 /* TeacherViewController.swift */,
				C0897FCB23D401EE0025360C /* Create Course */,
				C0502E3323BE6A0000478BDD /* Course */,
			);
			path = Teacher;
			sourceTree = "<group>";
		};
		C0897FCB23D401EE0025360C /* Create Course */ = {
			isa = PBXGroup;
			children = (
				C0EDB7B323D5129B006DBE0D /* Actions */,
				C0897FCC23D402150025360C /* CreateCourseController.swift */,
			);
			path = "Create Course";
			sourceTree = "<group>";
		};
		C096035623C288BD001848B0 /* Actions */ = {
			isa = PBXGroup;
			children = (
				C096035723C28900001848B0 /* ActionEndSession.swift */,
				C096035D23C28CE4001848B0 /* ActionExtendSession.swift */,
				C096036023C28DAB001848B0 /* ActionGetSessionContent.swift */,
				C096035A23C28BC2001848B0 /* ActionStartSession.swift */,
			);
			path = Actions;
			sourceTree = "<group>";
		};
		C0C67A2723C248970023BF9E /* Session */ = {
			isa = PBXGroup;
			children = (
				C096035623C288BD001848B0 /* Actions */,
				C04F64A323BF673000225746 /* TeacherCourseSessionController.swift */,
				C0C67A2823C248AC0023BF9E /* TeacherCourseSessionStatusController.swift */,
				C0306F1823CD071E00A61C16 /* TeacherCourseSessionIcebergsController.swift */,
				C0306F1B23CD0A6800A61C16 /* TeacherCourseSessionProgressController.swift */,
			);
			path = Session;
			sourceTree = "<group>";
		};
		C0EDB7B323D5129B006DBE0D /* Actions */ = {
			isa = PBXGroup;
			children = (
				C0EDB7B423D512AC006DBE0D /* ActionCourseNameExists.swift */,
			);
			path = Actions;
			sourceTree = "<group>";
		};
		C0F97E4123B0403E0091E974 /* Student */ = {
			isa = PBXGroup;
			children = (
				C092C16B23B66D4700032C5E /* StudentViewController.swift */,
				C05EE37623BD173E00788A1F /* Game */,
				C05EE37723BD19AA00788A1F /* States */,
			);
			path = Student;
			sourceTree = "<group>";
		};
		E450C1A960D788D184CA831A /* Pods */ = {
			isa = PBXGroup;
			children = (
				63C752DF7E8086D3BF4B1E78 /* Pods-bbnQUAL.debug.xcconfig */,
				9AE06BB0424A4787150EED39 /* Pods-bbnQUAL.release.xcconfig */,
			);
			path = Pods;
			sourceTree = "<group>";
		};
/* End PBXGroup section */

/* Begin PBXNativeTarget section */
		C03C8AD3238C35D900715032 /* bbnQUAL */ = {
			isa = PBXNativeTarget;
			buildConfigurationList = C03C8AF3238C35DC00715032 /* Build configuration list for PBXNativeTarget "bbnQUAL" */;
			buildPhases = (
				A4497EF898D4626E4630AE16 /* [CP] Check Pods Manifest.lock */,
				C03C8AD0238C35D900715032 /* Sources */,
				C03C8AD1238C35D900715032 /* Frameworks */,
				C03C8AD2238C35D900715032 /* Resources */,
				26703634FF1125571C5A10AB /* [CP] Embed Pods Frameworks */,
			);
			buildRules = (
			);
			dependencies = (
			);
			name = bbnQUAL;
			productName = bbnQUAL;
			productReference = C03C8AD4238C35D900715032 /* bbnQUAL.app */;
			productType = "com.apple.product-type.application";
		};
		C03C8AE9238C35DC00715032 /* bbnQUALTests */ = {
			isa = PBXNativeTarget;
			buildConfigurationList = C03C8AF6238C35DC00715032 /* Build configuration list for PBXNativeTarget "bbnQUALTests" */;
			buildPhases = (
				C03C8AE6238C35DC00715032 /* Sources */,
				C03C8AE7238C35DC00715032 /* Frameworks */,
				C03C8AE8238C35DC00715032 /* Resources */,
			);
			buildRules = (
			);
			dependencies = (
				C03C8AEC238C35DC00715032 /* PBXTargetDependency */,
			);
			name = bbnQUALTests;
			productName = bbnQUALTests;
			productReference = C03C8AEA238C35DC00715032 /* bbnQUALTests.xctest */;
			productType = "com.apple.product-type.bundle.unit-test";
		};
/* End PBXNativeTarget section */

/* Begin PBXProject section */
		C03C8ACC238C35D900715032 /* Project object */ = {
			isa = PBXProject;
			attributes = {
				LastSwiftUpdateCheck = 1120;
				LastUpgradeCheck = 1120;
				ORGANIZATIONNAME = Jovialis;
				TargetAttributes = {
					C03C8AD3238C35D900715032 = {
						CreatedOnToolsVersion = 11.2.1;
					};
					C03C8AE9238C35DC00715032 = {
						CreatedOnToolsVersion = 11.2.1;
						TestTargetID = C03C8AD3238C35D900715032;
					};
				};
			};
			buildConfigurationList = C03C8ACF238C35D900715032 /* Build configuration list for PBXProject "bbnQUAL" */;
			compatibilityVersion = "Xcode 9.3";
			developmentRegion = en;
			hasScannedForEncodings = 0;
			knownRegions = (
				en,
				Base,
			);
			mainGroup = C03C8ACB238C35D900715032;
			productRefGroup = C03C8AD5238C35D900715032 /* Products */;
			projectDirPath = "";
			projectRoot = "";
			targets = (
				C03C8AD3238C35D900715032 /* bbnQUAL */,
				C03C8AE9238C35DC00715032 /* bbnQUALTests */,
			);
		};
/* End PBXProject section */

/* Begin PBXResourcesBuildPhase section */
		C03C8AD2238C35D900715032 /* Resources */ = {
			isa = PBXResourcesBuildPhase;
			buildActionMask = 2147483647;
			files = (
				C03CC82923B3C47A00D8482C /* TestTube-Light.svg in Resources */,
				C03C8AE4238C35DB00715032 /* LaunchScreen.storyboard in Resources */,
				C06EF3D923BC000100BDE6E0 /* Root.storyboard in Resources */,
				D67F5A2C2398270C008C7EDC /* Teacher.storyboard in Resources */,
				C054422823DBB43F00DCABE8 /* TeacherCourseSettings.storyboard in Resources */,
				C03CC82C23B3FD5200D8482C /* TestTube-Dark.svg in Resources */,
				C0CA0FE023DC14A500314620 /* TeacherCourseAccessAdd.storyboard in Resources */,
				C03C8AE1238C35DB00715032 /* Assets.xcassets in Resources */,
				C092C18723B6B1F600032C5E /* diamond.png in Resources */,
				C0604BEF238EF47400686D89 /* PTSans-Bold.ttf in Resources */,
				C098D088238C9A8F006B6E20 /* macOS-GoogleService-Info.plist in Resources */,
				C0604BF5238EF47400686D89 /* PTSans-Italic.ttf in Resources */,
				C098D08B238C9AC9006B6E20 /* iPadOS-GoogleService-Info.plist in Resources */,
				C0604BF3238EF47400686D89 /* PTSans-BoldItalic.ttf in Resources */,
				C04F64A023BF2E8500225746 /* TeacherCourse.storyboard in Resources */,
				C0604BF1238EF47400686D89 /* PTSans-Regular.ttf in Resources */,
				C0502E3523BE6A4E00478BDD /* CourseSetup.storyboard in Resources */,
				D67F5A29239826FF008C7EDC /* Game.storyboard in Resources */,
			);
			runOnlyForDeploymentPostprocessing = 0;
		};
		C03C8AE8238C35DC00715032 /* Resources */ = {
			isa = PBXResourcesBuildPhase;
			buildActionMask = 2147483647;
			files = (
				C03CC82A23B3C47A00D8482C /* TestTube-Light.svg in Resources */,
				C098D089238C9A8F006B6E20 /* macOS-GoogleService-Info.plist in Resources */,
				C0502E3623BE6A4E00478BDD /* CourseSetup.storyboard in Resources */,
				C03CC82D23B3FD5200D8482C /* TestTube-Dark.svg in Resources */,
				C0604BF4238EF47400686D89 /* PTSans-BoldItalic.ttf in Resources */,
				D67F5A2A239826FF008C7EDC /* Game.storyboard in Resources */,
				C06EF3DA23BC000100BDE6E0 /* Root.storyboard in Resources */,
				C098D08C238C9AC9006B6E20 /* iPadOS-GoogleService-Info.plist in Resources */,
				C092C18823B6B1F600032C5E /* diamond.png in Resources */,
				C0604BF2238EF47400686D89 /* PTSans-Regular.ttf in Resources */,
				C04F64A123BF2E8500225746 /* TeacherCourse.storyboard in Resources */,
				C0604BF0238EF47400686D89 /* PTSans-Bold.ttf in Resources */,
				D67F5A2D2398270C008C7EDC /* Teacher.storyboard in Resources */,
				C0604BF6238EF47400686D89 /* PTSans-Italic.ttf in Resources */,
				C054422923DBB43F00DCABE8 /* TeacherCourseSettings.storyboard in Resources */,
			);
			runOnlyForDeploymentPostprocessing = 0;
		};
/* End PBXResourcesBuildPhase section */

/* Begin PBXShellScriptBuildPhase section */
		26703634FF1125571C5A10AB /* [CP] Embed Pods Frameworks */ = {
			isa = PBXShellScriptBuildPhase;
			buildActionMask = 2147483647;
			files = (
			);
			inputFileListPaths = (
				"${PODS_ROOT}/Target Support Files/Pods-bbnQUAL/Pods-bbnQUAL-frameworks-${CONFIGURATION}-input-files.xcfilelist",
			);
			name = "[CP] Embed Pods Frameworks";
			outputFileListPaths = (
				"${PODS_ROOT}/Target Support Files/Pods-bbnQUAL/Pods-bbnQUAL-frameworks-${CONFIGURATION}-output-files.xcfilelist",
			);
			runOnlyForDeploymentPostprocessing = 0;
			shellPath = /bin/sh;
			shellScript = "\"${PODS_ROOT}/Target Support Files/Pods-bbnQUAL/Pods-bbnQUAL-frameworks.sh\"\n";
			showEnvVarsInLog = 0;
		};
		A4497EF898D4626E4630AE16 /* [CP] Check Pods Manifest.lock */ = {
			isa = PBXShellScriptBuildPhase;
			buildActionMask = 2147483647;
			files = (
			);
			inputFileListPaths = (
			);
			inputPaths = (
				"${PODS_PODFILE_DIR_PATH}/Podfile.lock",
				"${PODS_ROOT}/Manifest.lock",
			);
			name = "[CP] Check Pods Manifest.lock";
			outputFileListPaths = (
			);
			outputPaths = (
				"$(DERIVED_FILE_DIR)/Pods-bbnQUAL-checkManifestLockResult.txt",
			);
			runOnlyForDeploymentPostprocessing = 0;
			shellPath = /bin/sh;
			shellScript = "diff \"${PODS_PODFILE_DIR_PATH}/Podfile.lock\" \"${PODS_ROOT}/Manifest.lock\" > /dev/null\nif [ $? != 0 ] ; then\n    # print error to STDERR\n    echo \"error: The sandbox is not in sync with the Podfile.lock. Run 'pod install' or update your CocoaPods installation.\" >&2\n    exit 1\nfi\n# This output is used by Xcode 'outputs' to avoid re-running this script phase.\necho \"SUCCESS\" > \"${SCRIPT_OUTPUT_FILE_0}\"\n";
			showEnvVarsInLog = 0;
		};
/* End PBXShellScriptBuildPhase section */

/* Begin PBXSourcesBuildPhase section */
		C03C8AD0238C35D900715032 /* Sources */ = {
			isa = PBXSourcesBuildPhase;
			buildActionMask = 2147483647;
			files = (
				C0306F1F23CE2A3E00A61C16 /* ProgressionTrackView.swift in Sources */,
				C0604C00238F0C7D00686D89 /* TestTubeView.swift in Sources */,
				C06EF3DC23BC007700BDE6E0 /* RootController.swift in Sources */,
				C05EE36D23BCB28200788A1F /* ActionWatchSessionExpiration.swift in Sources */,
				C0EF8C4223D0D85300DB8ECA /* IcebergView.swift in Sources */,
				C092C18423B6B11500032C5E /* ConfettiView.swift in Sources */,
				C00E135223D264AE00A12E17 /* Map+JSON.swift in Sources */,
				C0502E2E23BE036900478BDD /* LogoutButton.swift in Sources */,
				C05EE37423BCF73400788A1F /* Team.swift in Sources */,
				C092C17E23B6868A00032C5E /* ReagentSelectionWrapper.swift in Sources */,
				C0306F1C23CD0A6800A61C16 /* TeacherCourseSessionProgressController.swift in Sources */,
				C076C18523B78F5C0060074D /* StudentGameIncorrectViewController.swift in Sources */,
				C054423523DC022200DCABE8 /* TeacherView.swift in Sources */,
				C07C2E1023A5845E005B5423 /* CourseView.swift in Sources */,
				C092C16C23B66D4700032C5E /* StudentViewController.swift in Sources */,
				C096035823C28900001848B0 /* ActionEndSession.swift in Sources */,
				C0EF8C3F23D0D3F700DB8ECA /* Iceberg.swift in Sources */,
				C07C2E0A23A57441005B5423 /* TeacherViewController.swift in Sources */,
				C0FAADE723AE9DA100420A8C /* TeacherCourseSetupController.swift in Sources */,
				C0681BDA23C4E35800544928 /* ActionButton.swift in Sources */,
				C04F64AA23BF741B00225746 /* ActionGetClassSession.swift in Sources */,
				D6BDF5CB23977AE300638352 /* QError.swift in Sources */,
				C05EE36623BCAF2B00788A1F /* StudentSessionController.swift in Sources */,
				C092C17B23B67B8300032C5E /* ActionCheckAnswers.swift in Sources */,
				C049D86E23AFF05B00DFE9DA /* ReagentSelectionView.swift in Sources */,
				C010E31123905F2F00D07047 /* Callback.swift in Sources */,
				C054422E23DBB5A400DCABE8 /* TeacherCourseSettingsController.swift in Sources */,
				C092C18A23B6BBC800032C5E /* StudentFinishedViewController.swift in Sources */,
				C0502E3123BE054D00478BDD /* LoginButton.swift in Sources */,
				C012BABF23DD145200DF8E97 /* TeacherCourseLiveController.swift in Sources */,
				C096035B23C28BC2001848B0 /* ActionStartSession.swift in Sources */,
				C06EF3EB23BC2CF900BDE6E0 /* ActionGetUserAccess.swift in Sources */,
				C0CA0FDE23DC107F00314620 /* TeacherCourseAccessAddStoryboardController.swift in Sources */,
				C0CA0FE523DC196100314620 /* Query+StartsWith.swift in Sources */,
				C012BABB23DCFC3200DF8E97 /* TeamSetupView.swift in Sources */,
				C0306F1923CD071E00A61C16 /* TeacherCourseSessionIcebergsController.swift in Sources */,
				C05EE36A23BCB02900788A1F /* ActionGetStudentSession.swift in Sources */,
				C054422B23DBB57700DCABE8 /* TeacherCourseSettingsStoryboardController.swift in Sources */,
				C0897FCD23D402150025360C /* CreateCourseController.swift in Sources */,
				C0502E3823BE6AAB00478BDD /* TeacherCourseController.swift in Sources */,
				C037BCFE23B4E70700231119 /* Reagent.swift in Sources */,
				C076C18823B790620060074D /* StudentGameFrozenViewController.swift in Sources */,
				C0C67A2923C248AC0023BF9E /* TeacherCourseSessionStatusController.swift in Sources */,
				C0502E2B23BDF06E00478BDD /* ProfileController.swift in Sources */,
				C06EF3E023BC04B400BDE6E0 /* AuthController.swift in Sources */,
				C0CA0FE223DC192800314620 /* String+Error.swift in Sources */,
				C06EF3E323BC057900BDE6E0 /* ActionOpenGoogleAuthDialogue.swift in Sources */,
				C0EDB7B523D512AC006DBE0D /* ActionCourseNameExists.swift in Sources */,
				C096036123C28DAB001848B0 /* ActionGetSessionContent.swift in Sources */,
				C06EF3EF23BC2D5900BDE6E0 /* ControllerAction.swift in Sources */,
				C096035423C251C5001848B0 /* Session.swift in Sources */,
				C0F97E4323B040AD0091E974 /* StudentGameViewController.swift in Sources */,
				C04F64A423BF673000225746 /* TeacherCourseSessionController.swift in Sources */,
				C06EF3E623BC29D800BDE6E0 /* ErrorRetryController.swift in Sources */,
				C00E135523D26F7F00A12E17 /* TeacherProgressionOverview.swift in Sources */,
				C092C16F23B674E500032C5E /* Progression.swift in Sources */,
				C05EE36223BC358800788A1F /* ActionRefreshGoogleToken.swift in Sources */,
				C05EE37123BCF6F600788A1F /* Course.swift in Sources */,
				C054423223DBDD0C00DCABE8 /* TeacherCourseAccessController.swift in Sources */,
				C04F64A723BF6BC500225746 /* TeacherCourseTeamsController.swift in Sources */,
				C092C18123B6ACC000032C5E /* StudentGameCorrectViewController.swift in Sources */,
				C03C8AD8238C35D900715032 /* AppDelegate.swift in Sources */,
				C010E3142390613500D07047 /* FirestoreRepresentable.swift in Sources */,
				C096035E23C28CE4001848B0 /* ActionExtendSession.swift in Sources */,
				C03C8ADA238C35D900715032 /* SceneDelegate.swift in Sources */,
			);
			runOnlyForDeploymentPostprocessing = 0;
		};
		C03C8AE6238C35DC00715032 /* Sources */ = {
			isa = PBXSourcesBuildPhase;
			buildActionMask = 2147483647;
			files = (
				C0306F2023CE2A3E00A61C16 /* ProgressionTrackView.swift in Sources */,
				C0502E2C23BDF06E00478BDD /* ProfileController.swift in Sources */,
				C04F64A823BF6BC500225746 /* TeacherCourseTeamsController.swift in Sources */,
				C092C18523B6B11500032C5E /* ConfettiView.swift in Sources */,
				C092C17023B674E500032C5E /* Progression.swift in Sources */,
				C05EE36323BC358C00788A1F /* ActionRefreshGoogleToken.swift in Sources */,
				C096035C23C28BC2001848B0 /* ActionStartSession.swift in Sources */,
				C0EF8C4023D0D3F700DB8ECA /* Iceberg.swift in Sources */,
				C06EF3EC23BC2CF900BDE6E0 /* ActionGetUserAccess.swift in Sources */,
				C054422F23DBB5A400DCABE8 /* TeacherCourseSettingsController.swift in Sources */,
				C04F64A523BF673000225746 /* TeacherCourseSessionController.swift in Sources */,
				C05EE36B23BCB02900788A1F /* ActionGetStudentSession.swift in Sources */,
				C0306F1A23CD071E00A61C16 /* TeacherCourseSessionIcebergsController.swift in Sources */,
				C0502E2F23BE036900478BDD /* LogoutButton.swift in Sources */,
				C096035923C28900001848B0 /* ActionEndSession.swift in Sources */,
				C092C18B23B6BBC800032C5E /* StudentFinishedViewController.swift in Sources */,
				C054423323DBDD0C00DCABE8 /* TeacherCourseAccessController.swift in Sources */,
				C0F97E4423B040AD0091E974 /* StudentGameViewController.swift in Sources */,
				C076C18923B790620060074D /* StudentGameFrozenViewController.swift in Sources */,
				C092C18223B6ACC000032C5E /* StudentGameCorrectViewController.swift in Sources */,
				C05EE36E23BCB28200788A1F /* ActionWatchSessionExpiration.swift in Sources */,
				D6BDF5CC23977AE300638352 /* QError.swift in Sources */,
				C010E31223905F2F00D07047 /* Callback.swift in Sources */,
				C0897FCE23D402150025360C /* CreateCourseController.swift in Sources */,
				C096035523C251C5001848B0 /* Session.swift in Sources */,
				C037BCFF23B4E70700231119 /* Reagent.swift in Sources */,
				C0EDB7B623D512AC006DBE0D /* ActionCourseNameExists.swift in Sources */,
				C0CA0FE323DC192800314620 /* String+Error.swift in Sources */,
				C05EE37523BCF73400788A1F /* Team.swift in Sources */,
				C096035F23C28CE4001848B0 /* ActionExtendSession.swift in Sources */,
				C092C17F23B6868A00032C5E /* ReagentSelectionWrapper.swift in Sources */,
				C012BAC023DD145200DF8E97 /* TeacherCourseLiveController.swift in Sources */,
				C07C2E0B23A57441005B5423 /* TeacherViewController.swift in Sources */,
				C06EF3E423BC057900BDE6E0 /* ActionOpenGoogleAuthDialogue.swift in Sources */,
				C07C2E1123A5845E005B5423 /* CourseView.swift in Sources */,
				C0EF8C4323D0D85300DB8ECA /* IcebergView.swift in Sources */,
				C0502E3923BE6AAB00478BDD /* TeacherCourseController.swift in Sources */,
				C049D86F23AFF05B00DFE9DA /* ReagentSelectionView.swift in Sources */,
				C06EF3E723BC29D800BDE6E0 /* ErrorRetryController.swift in Sources */,
				C092C17C23B67B8300032C5E /* ActionCheckAnswers.swift in Sources */,
				C054422C23DBB57700DCABE8 /* TeacherCourseSettingsStoryboardController.swift in Sources */,
				C076C18623B78F5C0060074D /* StudentGameIncorrectViewController.swift in Sources */,
				C05EE37223BCF6F600788A1F /* Course.swift in Sources */,
				C06EF3F023BC2D5900BDE6E0 /* ControllerAction.swift in Sources */,
				C04F64AB23BF741B00225746 /* ActionGetClassSession.swift in Sources */,
				C010E3152390613500D07047 /* FirestoreRepresentable.swift in Sources */,
				C012BABC23DCFC3200DF8E97 /* TeamSetupView.swift in Sources */,
				C054423623DC022200DCABE8 /* TeacherView.swift in Sources */,
				C092C16D23B66D4700032C5E /* StudentViewController.swift in Sources */,
				C05EE36723BCAF2B00788A1F /* StudentSessionController.swift in Sources */,
				C03C8AEF238C35DC00715032 /* bbnQUALTests.swift in Sources */,
				C096036223C28DAB001848B0 /* ActionGetSessionContent.swift in Sources */,
				C0CA0FE623DC196100314620 /* Query+StartsWith.swift in Sources */,
				C0FAADE823AE9DA100420A8C /* TeacherCourseSetupController.swift in Sources */,
				C00E135323D264AE00A12E17 /* Map+JSON.swift in Sources */,
				C00E135623D26F7F00A12E17 /* TeacherProgressionOverview.swift in Sources */,
				C0306F1D23CD0A6800A61C16 /* TeacherCourseSessionProgressController.swift in Sources */,
				C06EF3E123BC04B500BDE6E0 /* AuthController.swift in Sources */,
				C0604C01238F0C7D00686D89 /* TestTubeView.swift in Sources */,
				C06EF3DD23BC007700BDE6E0 /* RootController.swift in Sources */,
				C0502E3223BE054D00478BDD /* LoginButton.swift in Sources */,
			);
			runOnlyForDeploymentPostprocessing = 0;
		};
/* End PBXSourcesBuildPhase section */

/* Begin PBXTargetDependency section */
		C03C8AEC238C35DC00715032 /* PBXTargetDependency */ = {
			isa = PBXTargetDependency;
			target = C03C8AD3238C35D900715032 /* bbnQUAL */;
			targetProxy = C03C8AEB238C35DC00715032 /* PBXContainerItemProxy */;
		};
/* End PBXTargetDependency section */

/* Begin PBXVariantGroup section */
		C03C8AE2238C35DB00715032 /* LaunchScreen.storyboard */ = {
			isa = PBXVariantGroup;
			children = (
				C03C8AE3238C35DB00715032 /* Base */,
			);
			name = LaunchScreen.storyboard;
			sourceTree = "<group>";
		};
/* End PBXVariantGroup section */

/* Begin XCBuildConfiguration section */
		C03C8AF1238C35DC00715032 /* Debug */ = {
			isa = XCBuildConfiguration;
			buildSettings = {
				ALWAYS_SEARCH_USER_PATHS = NO;
				CLANG_ANALYZER_NONNULL = YES;
				CLANG_ANALYZER_NUMBER_OBJECT_CONVERSION = YES_AGGRESSIVE;
				CLANG_CXX_LANGUAGE_STANDARD = "gnu++14";
				CLANG_CXX_LIBRARY = "libc++";
				CLANG_ENABLE_MODULES = YES;
				CLANG_ENABLE_OBJC_ARC = YES;
				CLANG_ENABLE_OBJC_WEAK = YES;
				CLANG_WARN_BLOCK_CAPTURE_AUTORELEASING = YES;
				CLANG_WARN_BOOL_CONVERSION = YES;
				CLANG_WARN_COMMA = YES;
				CLANG_WARN_CONSTANT_CONVERSION = YES;
				CLANG_WARN_DEPRECATED_OBJC_IMPLEMENTATIONS = YES;
				CLANG_WARN_DIRECT_OBJC_ISA_USAGE = YES_ERROR;
				CLANG_WARN_DOCUMENTATION_COMMENTS = YES;
				CLANG_WARN_EMPTY_BODY = YES;
				CLANG_WARN_ENUM_CONVERSION = YES;
				CLANG_WARN_INFINITE_RECURSION = YES;
				CLANG_WARN_INT_CONVERSION = YES;
				CLANG_WARN_NON_LITERAL_NULL_CONVERSION = YES;
				CLANG_WARN_OBJC_IMPLICIT_RETAIN_SELF = YES;
				CLANG_WARN_OBJC_LITERAL_CONVERSION = YES;
				CLANG_WARN_OBJC_ROOT_CLASS = YES_ERROR;
				CLANG_WARN_RANGE_LOOP_ANALYSIS = YES;
				CLANG_WARN_STRICT_PROTOTYPES = YES;
				CLANG_WARN_SUSPICIOUS_MOVE = YES;
				CLANG_WARN_UNGUARDED_AVAILABILITY = YES_AGGRESSIVE;
				CLANG_WARN_UNREACHABLE_CODE = YES;
				CLANG_WARN__DUPLICATE_METHOD_MATCH = YES;
				COPY_PHASE_STRIP = NO;
				DEBUG_INFORMATION_FORMAT = dwarf;
				ENABLE_STRICT_OBJC_MSGSEND = YES;
				ENABLE_TESTABILITY = YES;
				GCC_C_LANGUAGE_STANDARD = gnu11;
				GCC_DYNAMIC_NO_PIC = NO;
				GCC_NO_COMMON_BLOCKS = YES;
				GCC_OPTIMIZATION_LEVEL = 0;
				GCC_PREPROCESSOR_DEFINITIONS = (
					"DEBUG=1",
					"$(inherited)",
				);
				GCC_WARN_64_TO_32_BIT_CONVERSION = YES;
				GCC_WARN_ABOUT_RETURN_TYPE = YES_ERROR;
				GCC_WARN_UNDECLARED_SELECTOR = YES;
				GCC_WARN_UNINITIALIZED_AUTOS = YES_AGGRESSIVE;
				GCC_WARN_UNUSED_FUNCTION = YES;
				GCC_WARN_UNUSED_VARIABLE = YES;
				IPHONEOS_DEPLOYMENT_TARGET = 13.0;
				MTL_ENABLE_DEBUG_INFO = INCLUDE_SOURCE;
				MTL_FAST_MATH = YES;
				ONLY_ACTIVE_ARCH = YES;
				SDKROOT = iphoneos;
				SWIFT_ACTIVE_COMPILATION_CONDITIONS = DEBUG;
				SWIFT_OPTIMIZATION_LEVEL = "-Onone";
			};
			name = Debug;
		};
		C03C8AF2238C35DC00715032 /* Release */ = {
			isa = XCBuildConfiguration;
			buildSettings = {
				ALWAYS_SEARCH_USER_PATHS = NO;
				CLANG_ANALYZER_NONNULL = YES;
				CLANG_ANALYZER_NUMBER_OBJECT_CONVERSION = YES_AGGRESSIVE;
				CLANG_CXX_LANGUAGE_STANDARD = "gnu++14";
				CLANG_CXX_LIBRARY = "libc++";
				CLANG_ENABLE_MODULES = YES;
				CLANG_ENABLE_OBJC_ARC = YES;
				CLANG_ENABLE_OBJC_WEAK = YES;
				CLANG_WARN_BLOCK_CAPTURE_AUTORELEASING = YES;
				CLANG_WARN_BOOL_CONVERSION = YES;
				CLANG_WARN_COMMA = YES;
				CLANG_WARN_CONSTANT_CONVERSION = YES;
				CLANG_WARN_DEPRECATED_OBJC_IMPLEMENTATIONS = YES;
				CLANG_WARN_DIRECT_OBJC_ISA_USAGE = YES_ERROR;
				CLANG_WARN_DOCUMENTATION_COMMENTS = YES;
				CLANG_WARN_EMPTY_BODY = YES;
				CLANG_WARN_ENUM_CONVERSION = YES;
				CLANG_WARN_INFINITE_RECURSION = YES;
				CLANG_WARN_INT_CONVERSION = YES;
				CLANG_WARN_NON_LITERAL_NULL_CONVERSION = YES;
				CLANG_WARN_OBJC_IMPLICIT_RETAIN_SELF = YES;
				CLANG_WARN_OBJC_LITERAL_CONVERSION = YES;
				CLANG_WARN_OBJC_ROOT_CLASS = YES_ERROR;
				CLANG_WARN_RANGE_LOOP_ANALYSIS = YES;
				CLANG_WARN_STRICT_PROTOTYPES = YES;
				CLANG_WARN_SUSPICIOUS_MOVE = YES;
				CLANG_WARN_UNGUARDED_AVAILABILITY = YES_AGGRESSIVE;
				CLANG_WARN_UNREACHABLE_CODE = YES;
				CLANG_WARN__DUPLICATE_METHOD_MATCH = YES;
				COPY_PHASE_STRIP = NO;
				DEBUG_INFORMATION_FORMAT = "dwarf-with-dsym";
				ENABLE_NS_ASSERTIONS = NO;
				ENABLE_STRICT_OBJC_MSGSEND = YES;
				GCC_C_LANGUAGE_STANDARD = gnu11;
				GCC_NO_COMMON_BLOCKS = YES;
				GCC_WARN_64_TO_32_BIT_CONVERSION = YES;
				GCC_WARN_ABOUT_RETURN_TYPE = YES_ERROR;
				GCC_WARN_UNDECLARED_SELECTOR = YES;
				GCC_WARN_UNINITIALIZED_AUTOS = YES_AGGRESSIVE;
				GCC_WARN_UNUSED_FUNCTION = YES;
				GCC_WARN_UNUSED_VARIABLE = YES;
				IPHONEOS_DEPLOYMENT_TARGET = 13.0;
				MTL_ENABLE_DEBUG_INFO = NO;
				MTL_FAST_MATH = YES;
				SDKROOT = iphoneos;
				SWIFT_COMPILATION_MODE = wholemodule;
				SWIFT_OPTIMIZATION_LEVEL = "-O";
				VALIDATE_PRODUCT = YES;
			};
			name = Release;
		};
		C03C8AF4238C35DC00715032 /* Debug */ = {
			isa = XCBuildConfiguration;
			baseConfigurationReference = 63C752DF7E8086D3BF4B1E78 /* Pods-bbnQUAL.debug.xcconfig */;
			buildSettings = {
				ASSETCATALOG_COMPILER_APPICON_NAME = AppIcon;
				CODE_SIGN_ENTITLEMENTS = bbnQUAL/bbnQUAL.entitlements;
				CODE_SIGN_IDENTITY = "Apple Development";
				"CODE_SIGN_IDENTITY[sdk=macosx*]" = "Apple Development";
				CODE_SIGN_STYLE = Automatic;
				DERIVE_MACCATALYST_PRODUCT_BUNDLE_IDENTIFIER = YES;
				DEVELOPMENT_TEAM = 73N7QQDQ6Z;
				INFOPLIST_FILE = bbnQUAL/Info.plist;
				IPHONEOS_DEPLOYMENT_TARGET = 13.0;
				LD_RUNPATH_SEARCH_PATHS = (
					"$(inherited)",
					"@executable_path/Frameworks",
				);
				PRODUCT_BUNDLE_IDENTIFIER = dev.jovialis.bbnQUAL;
				PRODUCT_NAME = "$(TARGET_NAME)";
				PROVISIONING_PROFILE_SPECIFIER = "";
				"PROVISIONING_PROFILE_SPECIFIER[sdk=macosx*]" = "";
				SUPPORTS_MACCATALYST = YES;
				SWIFT_VERSION = 5.0;
				TARGETED_DEVICE_FAMILY = 2;
			};
			name = Debug;
		};
		C03C8AF5238C35DC00715032 /* Release */ = {
			isa = XCBuildConfiguration;
			baseConfigurationReference = 9AE06BB0424A4787150EED39 /* Pods-bbnQUAL.release.xcconfig */;
			buildSettings = {
				ASSETCATALOG_COMPILER_APPICON_NAME = AppIcon;
				CODE_SIGN_ENTITLEMENTS = bbnQUAL/bbnQUAL.entitlements;
				CODE_SIGN_IDENTITY = "Apple Development";
				"CODE_SIGN_IDENTITY[sdk=macosx*]" = "Apple Development";
				CODE_SIGN_STYLE = Automatic;
				DERIVE_MACCATALYST_PRODUCT_BUNDLE_IDENTIFIER = YES;
				DEVELOPMENT_TEAM = 73N7QQDQ6Z;
				INFOPLIST_FILE = bbnQUAL/Info.plist;
				IPHONEOS_DEPLOYMENT_TARGET = 13.0;
				LD_RUNPATH_SEARCH_PATHS = (
					"$(inherited)",
					"@executable_path/Frameworks",
				);
				PRODUCT_BUNDLE_IDENTIFIER = dev.jovialis.bbnQUAL;
				PRODUCT_NAME = "$(TARGET_NAME)";
				PROVISIONING_PROFILE_SPECIFIER = "";
				"PROVISIONING_PROFILE_SPECIFIER[sdk=macosx*]" = "";
				SUPPORTS_MACCATALYST = YES;
				SWIFT_VERSION = 5.0;
				TARGETED_DEVICE_FAMILY = 2;
			};
			name = Release;
		};
		C03C8AF7238C35DC00715032 /* Debug */ = {
			isa = XCBuildConfiguration;
			buildSettings = {
				ALWAYS_EMBED_SWIFT_STANDARD_LIBRARIES = YES;
				BUNDLE_LOADER = "$(TEST_HOST)";
				CODE_SIGN_STYLE = Automatic;
				DEVELOPMENT_TEAM = 73N7QQDQ6Z;
				INFOPLIST_FILE = bbnQUALTests/Info.plist;
				IPHONEOS_DEPLOYMENT_TARGET = 13.2;
				LD_RUNPATH_SEARCH_PATHS = (
					"$(inherited)",
					"@executable_path/Frameworks",
					"@loader_path/Frameworks",
				);
				PRODUCT_BUNDLE_IDENTIFIER = jovialis.dev.bbnQUALTests;
				PRODUCT_NAME = "$(TARGET_NAME)";
				SWIFT_VERSION = 5.0;
				TARGETED_DEVICE_FAMILY = "1,2";
				TEST_HOST = "$(BUILT_PRODUCTS_DIR)/bbnQUAL.app/bbnQUAL";
			};
			name = Debug;
		};
		C03C8AF8238C35DC00715032 /* Release */ = {
			isa = XCBuildConfiguration;
			buildSettings = {
				ALWAYS_EMBED_SWIFT_STANDARD_LIBRARIES = YES;
				BUNDLE_LOADER = "$(TEST_HOST)";
				CODE_SIGN_STYLE = Automatic;
				DEVELOPMENT_TEAM = 73N7QQDQ6Z;
				INFOPLIST_FILE = bbnQUALTests/Info.plist;
				IPHONEOS_DEPLOYMENT_TARGET = 13.2;
				LD_RUNPATH_SEARCH_PATHS = (
					"$(inherited)",
					"@executable_path/Frameworks",
					"@loader_path/Frameworks",
				);
				PRODUCT_BUNDLE_IDENTIFIER = jovialis.dev.bbnQUALTests;
				PRODUCT_NAME = "$(TARGET_NAME)";
				SWIFT_VERSION = 5.0;
				TARGETED_DEVICE_FAMILY = "1,2";
				TEST_HOST = "$(BUILT_PRODUCTS_DIR)/bbnQUAL.app/bbnQUAL";
			};
			name = Release;
		};
/* End XCBuildConfiguration section */

/* Begin XCConfigurationList section */
		C03C8ACF238C35D900715032 /* Build configuration list for PBXProject "bbnQUAL" */ = {
			isa = XCConfigurationList;
			buildConfigurations = (
				C03C8AF1238C35DC00715032 /* Debug */,
				C03C8AF2238C35DC00715032 /* Release */,
			);
			defaultConfigurationIsVisible = 0;
			defaultConfigurationName = Release;
		};
		C03C8AF3238C35DC00715032 /* Build configuration list for PBXNativeTarget "bbnQUAL" */ = {
			isa = XCConfigurationList;
			buildConfigurations = (
				C03C8AF4238C35DC00715032 /* Debug */,
				C03C8AF5238C35DC00715032 /* Release */,
			);
			defaultConfigurationIsVisible = 0;
			defaultConfigurationName = Release;
		};
		C03C8AF6238C35DC00715032 /* Build configuration list for PBXNativeTarget "bbnQUALTests" */ = {
			isa = XCConfigurationList;
			buildConfigurations = (
				C03C8AF7238C35DC00715032 /* Debug */,
				C03C8AF8238C35DC00715032 /* Release */,
			);
			defaultConfigurationIsVisible = 0;
			defaultConfigurationName = Release;
		};
/* End XCConfigurationList section */
	};
	rootObject = C03C8ACC238C35D900715032 /* Project object */;
}
